// !$*UTF8*$!
{
	archiveVersion = 1;
	classes = {
	};
	objectVersion = 46;
	objects = {

/* Begin PBXBuildFile section */
		00C302E51ABCBA2D00DB3ED1 /* libRCTActionSheet.a in Frameworks */ = {isa = PBXBuildFile; fileRef = 00C302AC1ABCB8CE00DB3ED1 /* libRCTActionSheet.a */; };
		00C302E71ABCBA2D00DB3ED1 /* libRCTGeolocation.a in Frameworks */ = {isa = PBXBuildFile; fileRef = 00C302BA1ABCB90400DB3ED1 /* libRCTGeolocation.a */; };
		00C302E81ABCBA2D00DB3ED1 /* libRCTImage.a in Frameworks */ = {isa = PBXBuildFile; fileRef = 00C302C01ABCB91800DB3ED1 /* libRCTImage.a */; };
		00C302E91ABCBA2D00DB3ED1 /* libRCTNetwork.a in Frameworks */ = {isa = PBXBuildFile; fileRef = 00C302DC1ABCB9D200DB3ED1 /* libRCTNetwork.a */; };
		00C302EA1ABCBA2D00DB3ED1 /* libRCTVibration.a in Frameworks */ = {isa = PBXBuildFile; fileRef = 00C302E41ABCB9EE00DB3ED1 /* libRCTVibration.a */; };
		094D78DDE1C14DD191269D5F /* Octicons.ttf in Resources */ = {isa = PBXBuildFile; fileRef = FD1D37E1E0034AF1B38F7D3D /* Octicons.ttf */; };
		0F0A15B91D9E9C4600AC372D /* libRCTGoogleAnalyticsBridge.a in Frameworks */ = {isa = PBXBuildFile; fileRef = 0F0A15B81D9E9C3A00AC372D /* libRCTGoogleAnalyticsBridge.a */; };
		0F0A15BA1D9E9C4C00AC372D /* CoreData.framework in Frameworks */ = {isa = PBXBuildFile; fileRef = 0FE7BD311D9E97AF00D09C25 /* CoreData.framework */; };
		0F0A15BB1D9E9C5100AC372D /* SystemConfiguration.framework in Frameworks */ = {isa = PBXBuildFile; fileRef = 2598047F41E445AA8662AD6E /* SystemConfiguration.framework */; };
		0F0A15BC1D9E9C5A00AC372D /* libsqlite3.0.tbd in Frameworks */ = {isa = PBXBuildFile; fileRef = 0FE7BD331D9E97C300D09C25 /* libsqlite3.0.tbd */; };
		133E29F31AD74F7200F7D852 /* libRCTLinking.a in Frameworks */ = {isa = PBXBuildFile; fileRef = 78C398B91ACF4ADC00677621 /* libRCTLinking.a */; };
		139105C61AF99C1200B5F7CC /* libRCTSettings.a in Frameworks */ = {isa = PBXBuildFile; fileRef = 139105C11AF99BAD00B5F7CC /* libRCTSettings.a */; };
		139FDEF61B0652A700C62182 /* libRCTWebSocket.a in Frameworks */ = {isa = PBXBuildFile; fileRef = 139FDEF41B06529B00C62182 /* libRCTWebSocket.a */; };
		13B07FBC1A68108700A75B9A /* AppDelegate.m in Sources */ = {isa = PBXBuildFile; fileRef = 13B07FB01A68108700A75B9A /* AppDelegate.m */; };
		13B07FBF1A68108700A75B9A /* Images.xcassets in Resources */ = {isa = PBXBuildFile; fileRef = 13B07FB51A68108700A75B9A /* Images.xcassets */; };
		13B07FC11A68108700A75B9A /* main.m in Sources */ = {isa = PBXBuildFile; fileRef = 13B07FB71A68108700A75B9A /* main.m */; };
		146834051AC3E58100842450 /* libReact.a in Frameworks */ = {isa = PBXBuildFile; fileRef = 146834041AC3E56700842450 /* libReact.a */; };
		27E215FF9B024F7485A79537 /* libz.tbd in Frameworks */ = {isa = PBXBuildFile; fileRef = E4B72A7E9A874A499B1990A3 /* libz.tbd */; };
		2B779CEC1EFF430BADFFFC48 /* EvilIcons.ttf in Resources */ = {isa = PBXBuildFile; fileRef = 9E9D42CFDAB54BF9BED2AB35 /* EvilIcons.ttf */; };
		3C1FCA961EC49BB60051DA62 /* libRNSound.a in Frameworks */ = {isa = PBXBuildFile; fileRef = 3C1FCA951EC49B9B0051DA62 /* libRNSound.a */; };
		3C1FCA981EC4A0CD0051DA62 /* high_seiko.wav in Resources */ = {isa = PBXBuildFile; fileRef = 3C1FCA971EC4A0CD0051DA62 /* high_seiko.wav */; };
		3C65A0171EC09FD400EAB20D /* libRNBcgTimer.a in Frameworks */ = {isa = PBXBuildFile; fileRef = 3C65A0161EC09FCC00EAB20D /* libRNBcgTimer.a */; };
		3C9573551F012F9900A7F651 /* libRCTYouTube.a in Frameworks */ = {isa = PBXBuildFile; fileRef = 3C9573491F012F9100A7F651 /* libRCTYouTube.a */; };
		3CCCEF9E1EDEFC150037C525 /* libRCTPdf.a in Frameworks */ = {isa = PBXBuildFile; fileRef = 3CCCEF8E1EDEFC010037C525 /* libRCTPdf.a */; };
		3CCCF0951EDEFD2A0037C525 /* libRNFetchBlob.a in Frameworks */ = {isa = PBXBuildFile; fileRef = 3CCCF0941EDEFD1F0037C525 /* libRNFetchBlob.a */; };
		4869A3FBFC804B2F9528C23D /* MaterialIcons.ttf in Resources */ = {isa = PBXBuildFile; fileRef = 1F01DC9E74D340978B4E2180 /* MaterialIcons.ttf */; };
		507606093B60458B95C565FA /* libRCTFBLogin.a in Frameworks */ = {isa = PBXBuildFile; fileRef = 63B5A79A51C54643A4496F43 /* libRCTFBLogin.a */; };
		5223EDC2801F469CA37685FB /* libRNVectorIcons.a in Frameworks */ = {isa = PBXBuildFile; fileRef = 213F801798174FAD9E5F6DBF /* libRNVectorIcons.a */; };
		52D16DA61D593B8D00AAD703 /* GoogleNetworkingUtilities.framework in Frameworks */ = {isa = PBXBuildFile; fileRef = 52D16D9F1D593B8D00AAD703 /* GoogleNetworkingUtilities.framework */; };
		52D16DA71D593B8D00AAD703 /* GoogleSignIn.bundle in Resources */ = {isa = PBXBuildFile; fileRef = 52D16DA01D593B8D00AAD703 /* GoogleSignIn.bundle */; };
		52D16DAA1D593B8D00AAD703 /* GoogleUtilities.framework in Frameworks */ = {isa = PBXBuildFile; fileRef = 52D16DA31D593B8D00AAD703 /* GoogleUtilities.framework */; };
		52D16DAE1D593DEB00AAD703 /* FBSDKCoreKit.framework in Frameworks */ = {isa = PBXBuildFile; fileRef = 52D16DAB1D593DEB00AAD703 /* FBSDKCoreKit.framework */; };
		52D16DAF1D593DEB00AAD703 /* FBSDKLoginKit.framework in Frameworks */ = {isa = PBXBuildFile; fileRef = 52D16DAC1D593DEB00AAD703 /* FBSDKLoginKit.framework */; };
		52D16DB01D593DEB00AAD703 /* FBSDKShareKit.framework in Frameworks */ = {isa = PBXBuildFile; fileRef = 52D16DAD1D593DEB00AAD703 /* FBSDKShareKit.framework */; };
		52D16DD51D5943CD00AAD703 /* LaunchScreen.xib in Resources */ = {isa = PBXBuildFile; fileRef = 52D16DD41D5943CD00AAD703 /* LaunchScreen.xib */; };
		52D16DD71D59453F00AAD703 /* splash.png in Resources */ = {isa = PBXBuildFile; fileRef = 52D16DD61D59453F00AAD703 /* splash.png */; };
		52D16DDE1D5946BD00AAD703 /* libART.a in Frameworks */ = {isa = PBXBuildFile; fileRef = 52D16DDD1D59469100AAD703 /* libART.a */; };
		5B71C9EAA2004857B3731A09 /* libBVLinearGradient.a in Frameworks */ = {isa = PBXBuildFile; fileRef = 4EA4BE8E2D8A4116ADB1A6B6 /* libBVLinearGradient.a */; };
		5FC9760C6FF54CFBA17A0E98 /* SafariServices.framework in Frameworks */ = {isa = PBXBuildFile; fileRef = E9AC26820A4646D882EA526F /* SafariServices.framework */; };
		6E58F2DFE132497EBF0EBC47 /* libRNGoogleSignin.a in Frameworks */ = {isa = PBXBuildFile; fileRef = DB6929E728854D10AC2F567D /* libRNGoogleSignin.a */; };
		832341BD1AAA6AB300B99B32 /* libRCTText.a in Frameworks */ = {isa = PBXBuildFile; fileRef = 832341B51AAA6A8300B99B32 /* libRCTText.a */; };
		840B876F1D9BA81C009D13AA /* UIKit.framework in Frameworks */ = {isa = PBXBuildFile; fileRef = 840B876E1D9BA81C009D13AA /* UIKit.framework */; };
		840B87711D9BA82B009D13AA /* Foundation.framework in Frameworks */ = {isa = PBXBuildFile; fileRef = 840B87701D9BA82B009D13AA /* Foundation.framework */; };
		840B87731D9BA844009D13AA /* CoreTelephony.framework in Frameworks */ = {isa = PBXBuildFile; fileRef = 840B87721D9BA844009D13AA /* CoreTelephony.framework */; };
		840B87751D9BA850009D13AA /* Accelerate.framework in Frameworks */ = {isa = PBXBuildFile; fileRef = 840B87741D9BA850009D13AA /* Accelerate.framework */; };
		840B87771D9BA859009D13AA /* CoreGraphics.framework in Frameworks */ = {isa = PBXBuildFile; fileRef = 840B87761D9BA859009D13AA /* CoreGraphics.framework */; };
		840B87791D9BA865009D13AA /* QuartzCore.framework in Frameworks */ = {isa = PBXBuildFile; fileRef = 840B87781D9BA865009D13AA /* QuartzCore.framework */; };
		840B87801D9BAA55009D13AA /* libRNMixpanel.a in Frameworks */ = {isa = PBXBuildFile; fileRef = 840B877F1D9BA8BB009D13AA /* libRNMixpanel.a */; };
		840B87841D9BAB19009D13AA /* Mixpanel.framework in Frameworks */ = {isa = PBXBuildFile; fileRef = 840B87831D9BAB19009D13AA /* Mixpanel.framework */; };
		8429409B1D9A503A00B0DA53 /* libreact-native-media-kit.a in Frameworks */ = {isa = PBXBuildFile; fileRef = 8429409A1D9A503300B0DA53 /* libreact-native-media-kit.a */; };
		842940F01D9A773B00B0DA53 /* YTPlayerView-iframe-player.html in Resources */ = {isa = PBXBuildFile; fileRef = 842940EF1D9A773B00B0DA53 /* YTPlayerView-iframe-player.html */; };
		84CAF4E81D717DD6006619F0 /* libKCKeepAwake.a in Frameworks */ = {isa = PBXBuildFile; fileRef = 84CAF4D81D717DB3006619F0 /* libKCKeepAwake.a */; };
		858E1456F0A14A0EAB37DB0F /* Entypo.ttf in Resources */ = {isa = PBXBuildFile; fileRef = 484559EC566B4ADEA5D30960 /* Entypo.ttf */; };
		8D547DB69C4D44FCA6C90859 /* Foundation.ttf in Resources */ = {isa = PBXBuildFile; fileRef = 38F1A4B855A743D482EAB2E6 /* Foundation.ttf */; };
		92F9F51110BF42C186BC4BF2 /* libRCTSplashScreen.a in Frameworks */ = {isa = PBXBuildFile; fileRef = D816F03CC79C47149C75BAD3 /* libRCTSplashScreen.a */; };
		B096831D543C48EB8755A67D /* FontAwesome.ttf in Resources */ = {isa = PBXBuildFile; fileRef = F7567374510D43EB950E2698 /* FontAwesome.ttf */; };
		BD0767AD15474F8A9F001E73 /* libRNImagePicker.a in Frameworks */ = {isa = PBXBuildFile; fileRef = 2107883E09E546F2AB1EFCB6 /* libRNImagePicker.a */; };
		C420119C1DE73CC800631413 /* Crashlytics.framework in Frameworks */ = {isa = PBXBuildFile; fileRef = C420119A1DE73CC800631413 /* Crashlytics.framework */; };
		C420119D1DE73CC800631413 /* Fabric.framework in Frameworks */ = {isa = PBXBuildFile; fileRef = C420119B1DE73CC800631413 /* Fabric.framework */; };
		C45A30C81DD9B70B00AED4A6 /* libSMXCrashlytics.a in Frameworks */ = {isa = PBXBuildFile; fileRef = C45A30C71DD9B70400AED4A6 /* libSMXCrashlytics.a */; };
		C462CFB71DF6B4BC00A7CFBF /* animation.gif in Resources */ = {isa = PBXBuildFile; fileRef = C462CFB61DF6B4BC00A7CFBF /* animation.gif */; };
		C4AEBB531DE83D31003B69F3 /* GoogleAuthUtilities.framework in Frameworks */ = {isa = PBXBuildFile; fileRef = 52D16D9E1D593B8D00AAD703 /* GoogleAuthUtilities.framework */; };
		C4AEBB541DE83D31003B69F3 /* GoogleAppUtilities.framework in Frameworks */ = {isa = PBXBuildFile; fileRef = 52D16D9D1D593B8D00AAD703 /* GoogleAppUtilities.framework */; };
		C4AEBB551DE83D31003B69F3 /* GoogleSignIn.framework in Frameworks */ = {isa = PBXBuildFile; fileRef = 52D16DA11D593B8D00AAD703 /* GoogleSignIn.framework */; };
		C4AEBB561DE83D31003B69F3 /* GoogleSymbolUtilities.framework in Frameworks */ = {isa = PBXBuildFile; fileRef = 52D16DA21D593B8D00AAD703 /* GoogleSymbolUtilities.framework */; };
		C4AEBB581DE83D32003B69F3 /* GoogleSignInDependencies.framework in Frameworks */ = {isa = PBXBuildFile; fileRef = C4AEBB571DE83D32003B69F3 /* GoogleSignInDependencies.framework */; };
		C4AEBB5F1DE8619B003B69F3 /* libRNBackgroundTimer.a in Frameworks */ = {isa = PBXBuildFile; fileRef = C4AEBB5E1DE8618E003B69F3 /* libRNBackgroundTimer.a */; };
		D3FE7B2BA72048BDA8239653 /* AddressBook.framework in Frameworks */ = {isa = PBXBuildFile; fileRef = 855F61E9949C47D081C459F1 /* AddressBook.framework */; };
		DB96B2BD362F423AB5228C1D /* Ionicons.ttf in Resources */ = {isa = PBXBuildFile; fileRef = 31DDA3FCE62741949C1ADF88 /* Ionicons.ttf */; };
		EB83C763DA9F4EB88B0C43E9 /* Zocial.ttf in Resources */ = {isa = PBXBuildFile; fileRef = C4B885D335794B46B1086C41 /* Zocial.ttf */; };
/* End PBXBuildFile section */

/* Begin PBXContainerItemProxy section */
		00C302AB1ABCB8CE00DB3ED1 /* PBXContainerItemProxy */ = {
			isa = PBXContainerItemProxy;
			containerPortal = 00C302A71ABCB8CE00DB3ED1 /* RCTActionSheet.xcodeproj */;
			proxyType = 2;
			remoteGlobalIDString = 134814201AA4EA6300B7C361;
			remoteInfo = RCTActionSheet;
		};
		00C302B91ABCB90400DB3ED1 /* PBXContainerItemProxy */ = {
			isa = PBXContainerItemProxy;
			containerPortal = 00C302B51ABCB90400DB3ED1 /* RCTGeolocation.xcodeproj */;
			proxyType = 2;
			remoteGlobalIDString = 134814201AA4EA6300B7C361;
			remoteInfo = RCTGeolocation;
		};
		00C302BF1ABCB91800DB3ED1 /* PBXContainerItemProxy */ = {
			isa = PBXContainerItemProxy;
			containerPortal = 00C302BB1ABCB91800DB3ED1 /* RCTImage.xcodeproj */;
			proxyType = 2;
			remoteGlobalIDString = 58B5115D1A9E6B3D00147676;
			remoteInfo = RCTImage;
		};
		00C302DB1ABCB9D200DB3ED1 /* PBXContainerItemProxy */ = {
			isa = PBXContainerItemProxy;
			containerPortal = 00C302D31ABCB9D200DB3ED1 /* RCTNetwork.xcodeproj */;
			proxyType = 2;
			remoteGlobalIDString = 58B511DB1A9E6C8500147676;
			remoteInfo = RCTNetwork;
		};
		00C302E31ABCB9EE00DB3ED1 /* PBXContainerItemProxy */ = {
			isa = PBXContainerItemProxy;
			containerPortal = 00C302DF1ABCB9EE00DB3ED1 /* RCTVibration.xcodeproj */;
			proxyType = 2;
			remoteGlobalIDString = 832C81801AAF6DEF007FA2F7;
			remoteInfo = RCTVibration;
		};
		0F0A15B71D9E9C3A00AC372D /* PBXContainerItemProxy */ = {
			isa = PBXContainerItemProxy;
			containerPortal = 0F0A15B31D9E9C3A00AC372D /* RCTGoogleAnalyticsBridge.xcodeproj */;
			proxyType = 2;
			remoteGlobalIDString = A79185C61C30694E001236A6;
			remoteInfo = RCTGoogleAnalyticsBridge;
		};
		139105C01AF99BAD00B5F7CC /* PBXContainerItemProxy */ = {
			isa = PBXContainerItemProxy;
			containerPortal = 139105B61AF99BAD00B5F7CC /* RCTSettings.xcodeproj */;
			proxyType = 2;
			remoteGlobalIDString = 134814201AA4EA6300B7C361;
			remoteInfo = RCTSettings;
		};
		139FDEF31B06529B00C62182 /* PBXContainerItemProxy */ = {
			isa = PBXContainerItemProxy;
			containerPortal = 139FDEE61B06529A00C62182 /* RCTWebSocket.xcodeproj */;
			proxyType = 2;
			remoteGlobalIDString = 3C86DF461ADF2C930047B81A;
			remoteInfo = RCTWebSocket;
		};
		146834031AC3E56700842450 /* PBXContainerItemProxy */ = {
			isa = PBXContainerItemProxy;
			containerPortal = 146833FF1AC3E56700842450 /* React.xcodeproj */;
			proxyType = 2;
			remoteGlobalIDString = 83CBBA2E1A601D0E00E9B192;
			remoteInfo = React;
		};
		3C1FCA941EC49B9B0051DA62 /* PBXContainerItemProxy */ = {
			isa = PBXContainerItemProxy;
			containerPortal = 3C1FCA901EC49B9B0051DA62 /* RNSound.xcodeproj */;
			proxyType = 2;
			remoteGlobalIDString = 19825A1E1BD4A89800EE0337;
			remoteInfo = RNSound;
		};
		3C65A0151EC09FCC00EAB20D /* PBXContainerItemProxy */ = {
			isa = PBXContainerItemProxy;
			containerPortal = 3C65A0111EC09FCC00EAB20D /* RNBcgTimer.xcodeproj */;
			proxyType = 2;
			remoteGlobalIDString = 134814201AA4EA6300B7C361;
			remoteInfo = RNBcgTimer;
		};
		3C9573481F012F9100A7F651 /* PBXContainerItemProxy */ = {
			isa = PBXContainerItemProxy;
			containerPortal = 3C9573341F012F9000A7F651 /* RCTYouTube.xcodeproj */;
			proxyType = 2;
			remoteGlobalIDString = 8BDB9BC91B4289AE00EF9FEF;
			remoteInfo = RCTYouTube;
		};
		3CCCEF8D1EDEFC010037C525 /* PBXContainerItemProxy */ = {
			isa = PBXContainerItemProxy;
			containerPortal = 3CCCEF7E1EDEFC000037C525 /* RCTPdf.xcodeproj */;
			proxyType = 2;
			remoteGlobalIDString = 20D8E03F1C8E946C00039823;
			remoteInfo = RCTPdf;
		};
		3CCCF0931EDEFD1F0037C525 /* PBXContainerItemProxy */ = {
			isa = PBXContainerItemProxy;
			containerPortal = 3CCCF08F1EDEFD1F0037C525 /* RNFetchBlob.xcodeproj */;
			proxyType = 2;
			remoteGlobalIDString = A15C300E1CD25C330074CB35;
			remoteInfo = RNFetchBlob;
		};
		52D16D5A1D59321600AAD703 /* PBXContainerItemProxy */ = {
			isa = PBXContainerItemProxy;
			containerPortal = 961330079A6A4BE696ABBEA4 /* RCTSplashScreen.xcodeproj */;
			proxyType = 2;
			remoteGlobalIDString = 3245CDED1BFEE35C00EABF68;
			remoteInfo = RCTSplashScreen;
		};
		52D16D631D59321600AAD703 /* PBXContainerItemProxy */ = {
			isa = PBXContainerItemProxy;
			containerPortal = 77CDB7F7625043419459AB56 /* RCTFBLogin.xcodeproj */;
			proxyType = 2;
			remoteGlobalIDString = 4F3A6B5B1ACFBCC500CA65F7;
			remoteInfo = RCTFBLogin;
		};
		52D16D681D59321600AAD703 /* PBXContainerItemProxy */ = {
			isa = PBXContainerItemProxy;
			containerPortal = 907F9666EE184E16A05F2B45 /* RNImagePicker.xcodeproj */;
			proxyType = 2;
			remoteGlobalIDString = 014A3B5C1C6CF33500B6D375;
			remoteInfo = RNImagePicker;
		};
		52D16D6D1D59321600AAD703 /* PBXContainerItemProxy */ = {
			isa = PBXContainerItemProxy;
			containerPortal = 29208CF0AA7A471DABBAA76C /* BVLinearGradient.xcodeproj */;
			proxyType = 2;
			remoteGlobalIDString = 134814201AA4EA6300B7C361;
			remoteInfo = BVLinearGradient;
		};
		52D16D8D1D59334B00AAD703 /* PBXContainerItemProxy */ = {
			isa = PBXContainerItemProxy;
			containerPortal = 4F86E7233A2B4565ACEC4C4F /* RNGoogleSignin.xcodeproj */;
			proxyType = 2;
			remoteGlobalIDString = 9FD355121D3E4A2900D06170;
			remoteInfo = RNGoogleSignin;
		};
		52D16DD21D593EF700AAD703 /* PBXContainerItemProxy */ = {
			isa = PBXContainerItemProxy;
			containerPortal = D5B6B69F0E294D2CA61A690E /* RNVectorIcons.xcodeproj */;
			proxyType = 2;
			remoteGlobalIDString = 5DBEB1501B18CEA900B34395;
			remoteInfo = RNVectorIcons;
		};
		52D16DDC1D59469100AAD703 /* PBXContainerItemProxy */ = {
			isa = PBXContainerItemProxy;
			containerPortal = 52D16DD81D59469100AAD703 /* ART.xcodeproj */;
			proxyType = 2;
			remoteGlobalIDString = 0CF68AC11AF0540F00FF9E5C;
			remoteInfo = ART;
		};
		78C398B81ACF4ADC00677621 /* PBXContainerItemProxy */ = {
			isa = PBXContainerItemProxy;
			containerPortal = 78C398B01ACF4ADC00677621 /* RCTLinking.xcodeproj */;
			proxyType = 2;
			remoteGlobalIDString = 134814201AA4EA6300B7C361;
			remoteInfo = RCTLinking;
		};
		832341B41AAA6A8300B99B32 /* PBXContainerItemProxy */ = {
			isa = PBXContainerItemProxy;
			containerPortal = 832341B01AAA6A8300B99B32 /* RCTText.xcodeproj */;
			proxyType = 2;
			remoteGlobalIDString = 58B5119B1A9E6C1200147676;
			remoteInfo = RCTText;
		};
		840B877E1D9BA8BB009D13AA /* PBXContainerItemProxy */ = {
			isa = PBXContainerItemProxy;
			containerPortal = 840B877A1D9BA8BB009D13AA /* RNMixpanel.xcodeproj */;
			proxyType = 2;
			remoteGlobalIDString = FDC64AF01BF1690D0044C1B4;
			remoteInfo = RNMixpanel;
		};
		842940991D9A503300B0DA53 /* PBXContainerItemProxy */ = {
			isa = PBXContainerItemProxy;
			containerPortal = 842940951D9A503300B0DA53 /* react-native-media-kit.xcodeproj */;
			proxyType = 2;
			remoteGlobalIDString = 5FDB0B6A1CBB7ACA00EDD727;
			remoteInfo = "react-native-media-kit";
		};
		84CAF4D71D717DB3006619F0 /* PBXContainerItemProxy */ = {
			isa = PBXContainerItemProxy;
			containerPortal = 84CAF4D11D717DB2006619F0 /* KCKeepAwake.xcodeproj */;
			proxyType = 2;
			remoteGlobalIDString = 134814201AA4EA6300B7C361;
			remoteInfo = KCKeepAwake;
		};
		C45A30C61DD9B70400AED4A6 /* PBXContainerItemProxy */ = {
			isa = PBXContainerItemProxy;
			containerPortal = C45A30C21DD9B70400AED4A6 /* SMXCrashlytics.xcodeproj */;
			proxyType = 2;
			remoteGlobalIDString = D8D9DB831C6D03DB009FBC0E;
			remoteInfo = SMXCrashlytics;
		};
		C4AEBB5D1DE8618E003B69F3 /* PBXContainerItemProxy */ = {
			isa = PBXContainerItemProxy;
			containerPortal = C4AEBB591DE8618E003B69F3 /* RNBackgroundTimer.xcodeproj */;
			proxyType = 2;
			remoteGlobalIDString = 134814201AA4EA6300B7C361;
			remoteInfo = RNBackgroundTimer;
		};
/* End PBXContainerItemProxy section */

/* Begin PBXFileReference section */
		008F07F21AC5B25A0029DE68 /* main.jsbundle */ = {isa = PBXFileReference; fileEncoding = 4; lastKnownFileType = text; path = main.jsbundle; sourceTree = "<group>"; };
		00C302A71ABCB8CE00DB3ED1 /* RCTActionSheet.xcodeproj */ = {isa = PBXFileReference; lastKnownFileType = "wrapper.pb-project"; name = RCTActionSheet.xcodeproj; path = "../node_modules/react-native/Libraries/ActionSheetIOS/RCTActionSheet.xcodeproj"; sourceTree = "<group>"; };
		00C302B51ABCB90400DB3ED1 /* RCTGeolocation.xcodeproj */ = {isa = PBXFileReference; lastKnownFileType = "wrapper.pb-project"; name = RCTGeolocation.xcodeproj; path = "../node_modules/react-native/Libraries/Geolocation/RCTGeolocation.xcodeproj"; sourceTree = "<group>"; };
		00C302BB1ABCB91800DB3ED1 /* RCTImage.xcodeproj */ = {isa = PBXFileReference; lastKnownFileType = "wrapper.pb-project"; name = RCTImage.xcodeproj; path = "../node_modules/react-native/Libraries/Image/RCTImage.xcodeproj"; sourceTree = "<group>"; };
		00C302D31ABCB9D200DB3ED1 /* RCTNetwork.xcodeproj */ = {isa = PBXFileReference; lastKnownFileType = "wrapper.pb-project"; name = RCTNetwork.xcodeproj; path = "../node_modules/react-native/Libraries/Network/RCTNetwork.xcodeproj"; sourceTree = "<group>"; };
		00C302DF1ABCB9EE00DB3ED1 /* RCTVibration.xcodeproj */ = {isa = PBXFileReference; lastKnownFileType = "wrapper.pb-project"; name = RCTVibration.xcodeproj; path = "../node_modules/react-native/Libraries/Vibration/RCTVibration.xcodeproj"; sourceTree = "<group>"; };
		00E356F11AD99517003FC87E /* Info.plist */ = {isa = PBXFileReference; lastKnownFileType = text.plist.xml; path = Info.plist; sourceTree = "<group>"; };
		00E356F21AD99517003FC87E /* MusicMonitorTests.m */ = {isa = PBXFileReference; lastKnownFileType = sourcecode.c.objc; path = MusicMonitorTests.m; sourceTree = "<group>"; };
		0F0A15B31D9E9C3A00AC372D /* RCTGoogleAnalyticsBridge.xcodeproj */ = {isa = PBXFileReference; lastKnownFileType = "wrapper.pb-project"; name = RCTGoogleAnalyticsBridge.xcodeproj; path = "../node_modules/react-native-google-analytics-bridge/ios/RCTGoogleAnalyticsBridge/RCTGoogleAnalyticsBridge.xcodeproj"; sourceTree = "<group>"; };
		0F8DEF6B1D9E8696004E3444 /* Mixpanel.framework */ = {isa = PBXFileReference; lastKnownFileType = wrapper.framework; path = Mixpanel.framework; sourceTree = "<group>"; };
		0FE7BD311D9E97AF00D09C25 /* CoreData.framework */ = {isa = PBXFileReference; lastKnownFileType = wrapper.framework; name = CoreData.framework; path = System/Library/Frameworks/CoreData.framework; sourceTree = SDKROOT; };
		0FE7BD331D9E97C300D09C25 /* libsqlite3.0.tbd */ = {isa = PBXFileReference; lastKnownFileType = "sourcecode.text-based-dylib-definition"; name = libsqlite3.0.tbd; path = usr/lib/libsqlite3.0.tbd; sourceTree = SDKROOT; };
		139105B61AF99BAD00B5F7CC /* RCTSettings.xcodeproj */ = {isa = PBXFileReference; lastKnownFileType = "wrapper.pb-project"; name = RCTSettings.xcodeproj; path = "../node_modules/react-native/Libraries/Settings/RCTSettings.xcodeproj"; sourceTree = "<group>"; };
		139FDEE61B06529A00C62182 /* RCTWebSocket.xcodeproj */ = {isa = PBXFileReference; lastKnownFileType = "wrapper.pb-project"; name = RCTWebSocket.xcodeproj; path = "../node_modules/react-native/Libraries/WebSocket/RCTWebSocket.xcodeproj"; sourceTree = "<group>"; };
		13B07F961A680F5B00A75B9A /* MusicMonitor.app */ = {isa = PBXFileReference; explicitFileType = wrapper.application; includeInIndex = 0; path = MusicMonitor.app; sourceTree = BUILT_PRODUCTS_DIR; };
		13B07FAF1A68108700A75B9A /* AppDelegate.h */ = {isa = PBXFileReference; fileEncoding = 4; lastKnownFileType = sourcecode.c.h; name = AppDelegate.h; path = MusicMonitor/AppDelegate.h; sourceTree = "<group>"; };
		13B07FB01A68108700A75B9A /* AppDelegate.m */ = {isa = PBXFileReference; fileEncoding = 4; lastKnownFileType = sourcecode.c.objc; name = AppDelegate.m; path = MusicMonitor/AppDelegate.m; sourceTree = "<group>"; };
		13B07FB51A68108700A75B9A /* Images.xcassets */ = {isa = PBXFileReference; lastKnownFileType = folder.assetcatalog; name = Images.xcassets; path = MusicMonitor/Images.xcassets; sourceTree = "<group>"; };
		13B07FB61A68108700A75B9A /* Info.plist */ = {isa = PBXFileReference; fileEncoding = 4; lastKnownFileType = text.plist.xml; name = Info.plist; path = MusicMonitor/Info.plist; sourceTree = "<group>"; };
		13B07FB71A68108700A75B9A /* main.m */ = {isa = PBXFileReference; fileEncoding = 4; lastKnownFileType = sourcecode.c.objc; name = main.m; path = MusicMonitor/main.m; sourceTree = "<group>"; };
		146833FF1AC3E56700842450 /* React.xcodeproj */ = {isa = PBXFileReference; lastKnownFileType = "wrapper.pb-project"; name = React.xcodeproj; path = "../node_modules/react-native/React/React.xcodeproj"; sourceTree = "<group>"; };
		1F01DC9E74D340978B4E2180 /* MaterialIcons.ttf */ = {isa = PBXFileReference; explicitFileType = undefined; fileEncoding = 9; includeInIndex = 0; lastKnownFileType = unknown; name = MaterialIcons.ttf; path = "../node_modules/react-native-vector-icons/Fonts/MaterialIcons.ttf"; sourceTree = "<group>"; };
		2107883E09E546F2AB1EFCB6 /* libRNImagePicker.a */ = {isa = PBXFileReference; explicitFileType = undefined; fileEncoding = 9; includeInIndex = 0; lastKnownFileType = archive.ar; path = libRNImagePicker.a; sourceTree = "<group>"; };
		213F801798174FAD9E5F6DBF /* libRNVectorIcons.a */ = {isa = PBXFileReference; explicitFileType = undefined; fileEncoding = 9; includeInIndex = 0; lastKnownFileType = archive.ar; path = libRNVectorIcons.a; sourceTree = "<group>"; };
		2598047F41E445AA8662AD6E /* SystemConfiguration.framework */ = {isa = PBXFileReference; explicitFileType = undefined; fileEncoding = 9; includeInIndex = 0; lastKnownFileType = wrapper.framework; name = SystemConfiguration.framework; path = System/Library/Frameworks/SystemConfiguration.framework; sourceTree = SDKROOT; };
		29208CF0AA7A471DABBAA76C /* BVLinearGradient.xcodeproj */ = {isa = PBXFileReference; explicitFileType = undefined; fileEncoding = 9; includeInIndex = 0; lastKnownFileType = "wrapper.pb-project"; name = BVLinearGradient.xcodeproj; path = "../node_modules/react-native-linear-gradient/BVLinearGradient.xcodeproj"; sourceTree = "<group>"; };
		31DDA3FCE62741949C1ADF88 /* Ionicons.ttf */ = {isa = PBXFileReference; explicitFileType = undefined; fileEncoding = 9; includeInIndex = 0; lastKnownFileType = unknown; name = Ionicons.ttf; path = "../node_modules/react-native-vector-icons/Fonts/Ionicons.ttf"; sourceTree = "<group>"; };
		38F1A4B855A743D482EAB2E6 /* Foundation.ttf */ = {isa = PBXFileReference; explicitFileType = undefined; fileEncoding = 9; includeInIndex = 0; lastKnownFileType = unknown; name = Foundation.ttf; path = "../node_modules/react-native-vector-icons/Fonts/Foundation.ttf"; sourceTree = "<group>"; };
		3C1FCA901EC49B9B0051DA62 /* RNSound.xcodeproj */ = {isa = PBXFileReference; lastKnownFileType = "wrapper.pb-project"; name = RNSound.xcodeproj; path = "../node_modules/react-native-sound/RNSound.xcodeproj"; sourceTree = "<group>"; };
		3C1FCA971EC4A0CD0051DA62 /* high_seiko.wav */ = {isa = PBXFileReference; lastKnownFileType = audio.wav; name = high_seiko.wav; path = ../android/app/src/main/res/raw/high_seiko.wav; sourceTree = "<group>"; };
		3C65A0111EC09FCC00EAB20D /* RNBcgTimer.xcodeproj */ = {isa = PBXFileReference; lastKnownFileType = "wrapper.pb-project"; name = RNBcgTimer.xcodeproj; path = "../node_modules/react-native-bcg-timer/ios/RNBcgTimer.xcodeproj"; sourceTree = "<group>"; };
		3C9573341F012F9000A7F651 /* RCTYouTube.xcodeproj */ = {isa = PBXFileReference; lastKnownFileType = "wrapper.pb-project"; name = RCTYouTube.xcodeproj; path = "../node_modules/react-native-youtube/RCTYouTube.xcodeproj"; sourceTree = "<group>"; };
		3CCCEF7E1EDEFC000037C525 /* RCTPdf.xcodeproj */ = {isa = PBXFileReference; lastKnownFileType = "wrapper.pb-project"; name = RCTPdf.xcodeproj; path = "../node_modules/react-native-pdf/ios/RCTPdf.xcodeproj"; sourceTree = "<group>"; };
		3CCCF08F1EDEFD1F0037C525 /* RNFetchBlob.xcodeproj */ = {isa = PBXFileReference; lastKnownFileType = "wrapper.pb-project"; name = RNFetchBlob.xcodeproj; path = "../node_modules/react-native-fetch-blob/ios/RNFetchBlob.xcodeproj"; sourceTree = "<group>"; };
		484559EC566B4ADEA5D30960 /* Entypo.ttf */ = {isa = PBXFileReference; explicitFileType = undefined; fileEncoding = 9; includeInIndex = 0; lastKnownFileType = unknown; name = Entypo.ttf; path = "../node_modules/react-native-vector-icons/Fonts/Entypo.ttf"; sourceTree = "<group>"; };
		4EA4BE8E2D8A4116ADB1A6B6 /* libBVLinearGradient.a */ = {isa = PBXFileReference; explicitFileType = undefined; fileEncoding = 9; includeInIndex = 0; lastKnownFileType = archive.ar; path = libBVLinearGradient.a; sourceTree = "<group>"; };
		4F86E7233A2B4565ACEC4C4F /* RNGoogleSignin.xcodeproj */ = {isa = PBXFileReference; explicitFileType = undefined; fileEncoding = 9; includeInIndex = 0; lastKnownFileType = "wrapper.pb-project"; name = RNGoogleSignin.xcodeproj; path = "../node_modules/react-native-google-signin/ios/RNGoogleSignin.xcodeproj"; sourceTree = "<group>"; };
		52D16D9D1D593B8D00AAD703 /* GoogleAppUtilities.framework */ = {isa = PBXFileReference; lastKnownFileType = wrapper.framework; path = GoogleAppUtilities.framework; sourceTree = "<group>"; };
		52D16D9E1D593B8D00AAD703 /* GoogleAuthUtilities.framework */ = {isa = PBXFileReference; lastKnownFileType = wrapper.framework; path = GoogleAuthUtilities.framework; sourceTree = "<group>"; };
		52D16D9F1D593B8D00AAD703 /* GoogleNetworkingUtilities.framework */ = {isa = PBXFileReference; lastKnownFileType = wrapper.framework; path = GoogleNetworkingUtilities.framework; sourceTree = "<group>"; };
		52D16DA01D593B8D00AAD703 /* GoogleSignIn.bundle */ = {isa = PBXFileReference; lastKnownFileType = "wrapper.plug-in"; path = GoogleSignIn.bundle; sourceTree = "<group>"; };
		52D16DA11D593B8D00AAD703 /* GoogleSignIn.framework */ = {isa = PBXFileReference; lastKnownFileType = wrapper.framework; path = GoogleSignIn.framework; sourceTree = "<group>"; };
		52D16DA21D593B8D00AAD703 /* GoogleSymbolUtilities.framework */ = {isa = PBXFileReference; lastKnownFileType = wrapper.framework; path = GoogleSymbolUtilities.framework; sourceTree = "<group>"; };
		52D16DA31D593B8D00AAD703 /* GoogleUtilities.framework */ = {isa = PBXFileReference; lastKnownFileType = wrapper.framework; path = GoogleUtilities.framework; sourceTree = "<group>"; };
		52D16DAB1D593DEB00AAD703 /* FBSDKCoreKit.framework */ = {isa = PBXFileReference; lastKnownFileType = wrapper.framework; path = FBSDKCoreKit.framework; sourceTree = "<group>"; };
		52D16DAC1D593DEB00AAD703 /* FBSDKLoginKit.framework */ = {isa = PBXFileReference; lastKnownFileType = wrapper.framework; path = FBSDKLoginKit.framework; sourceTree = "<group>"; };
		52D16DAD1D593DEB00AAD703 /* FBSDKShareKit.framework */ = {isa = PBXFileReference; lastKnownFileType = wrapper.framework; path = FBSDKShareKit.framework; sourceTree = "<group>"; };
		52D16DD41D5943CD00AAD703 /* LaunchScreen.xib */ = {isa = PBXFileReference; fileEncoding = 4; lastKnownFileType = file.xib; path = LaunchScreen.xib; sourceTree = "<group>"; };
		52D16DD61D59453F00AAD703 /* splash.png */ = {isa = PBXFileReference; lastKnownFileType = image.png; path = splash.png; sourceTree = "<group>"; };
		52D16DD81D59469100AAD703 /* ART.xcodeproj */ = {isa = PBXFileReference; lastKnownFileType = "wrapper.pb-project"; name = ART.xcodeproj; path = "../node_modules/react-native/Libraries/ART/ART.xcodeproj"; sourceTree = "<group>"; };
		63B5A79A51C54643A4496F43 /* libRCTFBLogin.a */ = {isa = PBXFileReference; explicitFileType = undefined; fileEncoding = 9; includeInIndex = 0; lastKnownFileType = archive.ar; path = libRCTFBLogin.a; sourceTree = "<group>"; };
		77CDB7F7625043419459AB56 /* RCTFBLogin.xcodeproj */ = {isa = PBXFileReference; explicitFileType = undefined; fileEncoding = 9; includeInIndex = 0; lastKnownFileType = "wrapper.pb-project"; name = RCTFBLogin.xcodeproj; path = "../node_modules/react-native-facebook-login/RCTFBLogin.xcodeproj"; sourceTree = "<group>"; };
		78C398B01ACF4ADC00677621 /* RCTLinking.xcodeproj */ = {isa = PBXFileReference; lastKnownFileType = "wrapper.pb-project"; name = RCTLinking.xcodeproj; path = "../node_modules/react-native/Libraries/LinkingIOS/RCTLinking.xcodeproj"; sourceTree = "<group>"; };
		832341B01AAA6A8300B99B32 /* RCTText.xcodeproj */ = {isa = PBXFileReference; lastKnownFileType = "wrapper.pb-project"; name = RCTText.xcodeproj; path = "../node_modules/react-native/Libraries/Text/RCTText.xcodeproj"; sourceTree = "<group>"; };
		840B876E1D9BA81C009D13AA /* UIKit.framework */ = {isa = PBXFileReference; lastKnownFileType = wrapper.framework; name = UIKit.framework; path = System/Library/Frameworks/UIKit.framework; sourceTree = SDKROOT; };
		840B87701D9BA82B009D13AA /* Foundation.framework */ = {isa = PBXFileReference; lastKnownFileType = wrapper.framework; name = Foundation.framework; path = System/Library/Frameworks/Foundation.framework; sourceTree = SDKROOT; };
		840B87721D9BA844009D13AA /* CoreTelephony.framework */ = {isa = PBXFileReference; lastKnownFileType = wrapper.framework; name = CoreTelephony.framework; path = System/Library/Frameworks/CoreTelephony.framework; sourceTree = SDKROOT; };
		840B87741D9BA850009D13AA /* Accelerate.framework */ = {isa = PBXFileReference; lastKnownFileType = wrapper.framework; name = Accelerate.framework; path = System/Library/Frameworks/Accelerate.framework; sourceTree = SDKROOT; };
		840B87761D9BA859009D13AA /* CoreGraphics.framework */ = {isa = PBXFileReference; lastKnownFileType = wrapper.framework; name = CoreGraphics.framework; path = System/Library/Frameworks/CoreGraphics.framework; sourceTree = SDKROOT; };
		840B87781D9BA865009D13AA /* QuartzCore.framework */ = {isa = PBXFileReference; lastKnownFileType = wrapper.framework; name = QuartzCore.framework; path = System/Library/Frameworks/QuartzCore.framework; sourceTree = SDKROOT; };
		840B877A1D9BA8BB009D13AA /* RNMixpanel.xcodeproj */ = {isa = PBXFileReference; lastKnownFileType = "wrapper.pb-project"; name = RNMixpanel.xcodeproj; path = "../node_modules/react-native-mixpanel/RNMixpanel.xcodeproj"; sourceTree = "<group>"; };
		840B87831D9BAB19009D13AA /* Mixpanel.framework */ = {isa = PBXFileReference; lastKnownFileType = wrapper.framework; name = Mixpanel.framework; path = ../../../../../../../../../Users/opengl/workspace/musopenCodePush/adagio/ios/Mixpanel.framework; sourceTree = SDKROOT; };
		842940951D9A503300B0DA53 /* react-native-media-kit.xcodeproj */ = {isa = PBXFileReference; lastKnownFileType = "wrapper.pb-project"; name = "react-native-media-kit.xcodeproj"; path = "../node_modules/react-native-media-kit/ios/react-native-media-kit.xcodeproj"; sourceTree = "<group>"; };
		842940EF1D9A773B00B0DA53 /* YTPlayerView-iframe-player.html */ = {isa = PBXFileReference; fileEncoding = 4; lastKnownFileType = text.html; path = "YTPlayerView-iframe-player.html"; sourceTree = "<group>"; };
		84CAF4D11D717DB2006619F0 /* KCKeepAwake.xcodeproj */ = {isa = PBXFileReference; lastKnownFileType = "wrapper.pb-project"; name = KCKeepAwake.xcodeproj; path = "../node_modules/react-native-keep-awake/ios/KCKeepAwake.xcodeproj"; sourceTree = "<group>"; };
		855F61E9949C47D081C459F1 /* AddressBook.framework */ = {isa = PBXFileReference; explicitFileType = undefined; fileEncoding = 9; includeInIndex = 0; lastKnownFileType = wrapper.framework; name = AddressBook.framework; path = System/Library/Frameworks/AddressBook.framework; sourceTree = SDKROOT; };
		907F9666EE184E16A05F2B45 /* RNImagePicker.xcodeproj */ = {isa = PBXFileReference; explicitFileType = undefined; fileEncoding = 9; includeInIndex = 0; lastKnownFileType = "wrapper.pb-project"; name = RNImagePicker.xcodeproj; path = "../node_modules/react-native-image-picker/ios/RNImagePicker.xcodeproj"; sourceTree = "<group>"; };
		961330079A6A4BE696ABBEA4 /* RCTSplashScreen.xcodeproj */ = {isa = PBXFileReference; explicitFileType = undefined; fileEncoding = 9; includeInIndex = 0; lastKnownFileType = "wrapper.pb-project"; name = RCTSplashScreen.xcodeproj; path = "../node_modules/@remobile/react-native-splashscreen/ios/RCTSplashScreen.xcodeproj"; sourceTree = "<group>"; };
		9E9D42CFDAB54BF9BED2AB35 /* EvilIcons.ttf */ = {isa = PBXFileReference; explicitFileType = undefined; fileEncoding = 9; includeInIndex = 0; lastKnownFileType = unknown; name = EvilIcons.ttf; path = "../node_modules/react-native-vector-icons/Fonts/EvilIcons.ttf"; sourceTree = "<group>"; };
		C420119A1DE73CC800631413 /* Crashlytics.framework */ = {isa = PBXFileReference; lastKnownFileType = wrapper.framework; path = Crashlytics.framework; sourceTree = "<group>"; };
		C420119B1DE73CC800631413 /* Fabric.framework */ = {isa = PBXFileReference; lastKnownFileType = wrapper.framework; path = Fabric.framework; sourceTree = "<group>"; };
		C45A30C21DD9B70400AED4A6 /* SMXCrashlytics.xcodeproj */ = {isa = PBXFileReference; lastKnownFileType = "wrapper.pb-project"; name = SMXCrashlytics.xcodeproj; path = "../node_modules/react-native-fabric/ios/SMXCrashlytics.xcodeproj"; sourceTree = "<group>"; };
		C462CFB61DF6B4BC00A7CFBF /* animation.gif */ = {isa = PBXFileReference; lastKnownFileType = image.gif; path = animation.gif; sourceTree = "<group>"; };
		C4AEBB571DE83D32003B69F3 /* GoogleSignInDependencies.framework */ = {isa = PBXFileReference; lastKnownFileType = wrapper.framework; name = GoogleSignInDependencies.framework; path = GoogleSdk/GoogleSignInDependencies.framework; sourceTree = "<group>"; };
		C4AEBB591DE8618E003B69F3 /* RNBackgroundTimer.xcodeproj */ = {isa = PBXFileReference; lastKnownFileType = "wrapper.pb-project"; name = RNBackgroundTimer.xcodeproj; path = "../node_modules/react-native-background-timer/ios/RNBackgroundTimer.xcodeproj"; sourceTree = "<group>"; };
		C4B885D335794B46B1086C41 /* Zocial.ttf */ = {isa = PBXFileReference; explicitFileType = undefined; fileEncoding = 9; includeInIndex = 0; lastKnownFileType = unknown; name = Zocial.ttf; path = "../node_modules/react-native-vector-icons/Fonts/Zocial.ttf"; sourceTree = "<group>"; };
		C4CF9BB91DDF329200D82260 /* MusicMonitor.entitlements */ = {isa = PBXFileReference; lastKnownFileType = text.plist.entitlements; name = MusicMonitor.entitlements; path = MusicMonitor/MusicMonitor.entitlements; sourceTree = "<group>"; };
		D5B6B69F0E294D2CA61A690E /* RNVectorIcons.xcodeproj */ = {isa = PBXFileReference; explicitFileType = undefined; fileEncoding = 9; includeInIndex = 0; lastKnownFileType = "wrapper.pb-project"; name = RNVectorIcons.xcodeproj; path = "../node_modules/react-native-vector-icons/RNVectorIcons.xcodeproj"; sourceTree = "<group>"; };
		D816F03CC79C47149C75BAD3 /* libRCTSplashScreen.a */ = {isa = PBXFileReference; explicitFileType = undefined; fileEncoding = 9; includeInIndex = 0; lastKnownFileType = archive.ar; path = libRCTSplashScreen.a; sourceTree = "<group>"; };
		DB6929E728854D10AC2F567D /* libRNGoogleSignin.a */ = {isa = PBXFileReference; explicitFileType = undefined; fileEncoding = 9; includeInIndex = 0; lastKnownFileType = archive.ar; path = libRNGoogleSignin.a; sourceTree = "<group>"; };
		E4B72A7E9A874A499B1990A3 /* libz.tbd */ = {isa = PBXFileReference; explicitFileType = undefined; fileEncoding = 9; includeInIndex = 0; lastKnownFileType = "sourcecode.text-based-dylib-definition"; name = libz.tbd; path = usr/lib/libz.tbd; sourceTree = SDKROOT; };
		E9AC26820A4646D882EA526F /* SafariServices.framework */ = {isa = PBXFileReference; explicitFileType = undefined; fileEncoding = 9; includeInIndex = 0; lastKnownFileType = wrapper.framework; name = SafariServices.framework; path = System/Library/Frameworks/SafariServices.framework; sourceTree = SDKROOT; };
		F7567374510D43EB950E2698 /* FontAwesome.ttf */ = {isa = PBXFileReference; explicitFileType = undefined; fileEncoding = 9; includeInIndex = 0; lastKnownFileType = unknown; name = FontAwesome.ttf; path = "../node_modules/react-native-vector-icons/Fonts/FontAwesome.ttf"; sourceTree = "<group>"; };
		FD1D37E1E0034AF1B38F7D3D /* Octicons.ttf */ = {isa = PBXFileReference; explicitFileType = undefined; fileEncoding = 9; includeInIndex = 0; lastKnownFileType = unknown; name = Octicons.ttf; path = "../node_modules/react-native-vector-icons/Fonts/Octicons.ttf"; sourceTree = "<group>"; };
/* End PBXFileReference section */

/* Begin PBXFrameworksBuildPhase section */
		13B07F8C1A680F5B00A75B9A /* Frameworks */ = {
			isa = PBXFrameworksBuildPhase;
			buildActionMask = 2147483647;
			files = (
				3C9573551F012F9900A7F651 /* libRCTYouTube.a in Frameworks */,
				3CCCF0951EDEFD2A0037C525 /* libRNFetchBlob.a in Frameworks */,
				3CCCEF9E1EDEFC150037C525 /* libRCTPdf.a in Frameworks */,
				3C1FCA961EC49BB60051DA62 /* libRNSound.a in Frameworks */,
				3C65A0171EC09FD400EAB20D /* libRNBcgTimer.a in Frameworks */,
				C4AEBB5F1DE8619B003B69F3 /* libRNBackgroundTimer.a in Frameworks */,
				C4AEBB581DE83D32003B69F3 /* GoogleSignInDependencies.framework in Frameworks */,
				C4AEBB531DE83D31003B69F3 /* GoogleAuthUtilities.framework in Frameworks */,
				52D16DAA1D593B8D00AAD703 /* GoogleUtilities.framework in Frameworks */,
				C4AEBB541DE83D31003B69F3 /* GoogleAppUtilities.framework in Frameworks */,
				C4AEBB551DE83D31003B69F3 /* GoogleSignIn.framework in Frameworks */,
				C4AEBB561DE83D31003B69F3 /* GoogleSymbolUtilities.framework in Frameworks */,
				27E215FF9B024F7485A79537 /* libz.tbd in Frameworks */,
				C45A30C81DD9B70B00AED4A6 /* libSMXCrashlytics.a in Frameworks */,
				0F0A15BC1D9E9C5A00AC372D /* libsqlite3.0.tbd in Frameworks */,
				0F0A15BB1D9E9C5100AC372D /* SystemConfiguration.framework in Frameworks */,
				C420119C1DE73CC800631413 /* Crashlytics.framework in Frameworks */,
				0F0A15BA1D9E9C4C00AC372D /* CoreData.framework in Frameworks */,
				0F0A15B91D9E9C4600AC372D /* libRCTGoogleAnalyticsBridge.a in Frameworks */,
				840B87801D9BAA55009D13AA /* libRNMixpanel.a in Frameworks */,
				840B87791D9BA865009D13AA /* QuartzCore.framework in Frameworks */,
				840B87771D9BA859009D13AA /* CoreGraphics.framework in Frameworks */,
				840B87751D9BA850009D13AA /* Accelerate.framework in Frameworks */,
				840B87731D9BA844009D13AA /* CoreTelephony.framework in Frameworks */,
				840B87711D9BA82B009D13AA /* Foundation.framework in Frameworks */,
				840B876F1D9BA81C009D13AA /* UIKit.framework in Frameworks */,
				8429409B1D9A503A00B0DA53 /* libreact-native-media-kit.a in Frameworks */,
				84CAF4E81D717DD6006619F0 /* libKCKeepAwake.a in Frameworks */,
				146834051AC3E58100842450 /* libReact.a in Frameworks */,
				00C302E51ABCBA2D00DB3ED1 /* libRCTActionSheet.a in Frameworks */,
				52D16DA61D593B8D00AAD703 /* GoogleNetworkingUtilities.framework in Frameworks */,
				00C302E71ABCBA2D00DB3ED1 /* libRCTGeolocation.a in Frameworks */,
				00C302E81ABCBA2D00DB3ED1 /* libRCTImage.a in Frameworks */,
				133E29F31AD74F7200F7D852 /* libRCTLinking.a in Frameworks */,
				00C302E91ABCBA2D00DB3ED1 /* libRCTNetwork.a in Frameworks */,
				139105C61AF99C1200B5F7CC /* libRCTSettings.a in Frameworks */,
				52D16DAF1D593DEB00AAD703 /* FBSDKLoginKit.framework in Frameworks */,
				832341BD1AAA6AB300B99B32 /* libRCTText.a in Frameworks */,
				00C302EA1ABCBA2D00DB3ED1 /* libRCTVibration.a in Frameworks */,
				139FDEF61B0652A700C62182 /* libRCTWebSocket.a in Frameworks */,
				92F9F51110BF42C186BC4BF2 /* libRCTSplashScreen.a in Frameworks */,
				507606093B60458B95C565FA /* libRCTFBLogin.a in Frameworks */,
				BD0767AD15474F8A9F001E73 /* libRNImagePicker.a in Frameworks */,
				5B71C9EAA2004857B3731A09 /* libBVLinearGradient.a in Frameworks */,
				6E58F2DFE132497EBF0EBC47 /* libRNGoogleSignin.a in Frameworks */,
				840B87841D9BAB19009D13AA /* Mixpanel.framework in Frameworks */,
				52D16DAE1D593DEB00AAD703 /* FBSDKCoreKit.framework in Frameworks */,
				C420119D1DE73CC800631413 /* Fabric.framework in Frameworks */,
				52D16DB01D593DEB00AAD703 /* FBSDKShareKit.framework in Frameworks */,
				5FC9760C6FF54CFBA17A0E98 /* SafariServices.framework in Frameworks */,
				D3FE7B2BA72048BDA8239653 /* AddressBook.framework in Frameworks */,
				5223EDC2801F469CA37685FB /* libRNVectorIcons.a in Frameworks */,
				52D16DDE1D5946BD00AAD703 /* libART.a in Frameworks */,
			);
			runOnlyForDeploymentPostprocessing = 0;
		};
/* End PBXFrameworksBuildPhase section */

/* Begin PBXGroup section */
		00C302A81ABCB8CE00DB3ED1 /* Products */ = {
			isa = PBXGroup;
			children = (
				00C302AC1ABCB8CE00DB3ED1 /* libRCTActionSheet.a */,
			);
			name = Products;
			sourceTree = "<group>";
		};
		00C302B61ABCB90400DB3ED1 /* Products */ = {
			isa = PBXGroup;
			children = (
				00C302BA1ABCB90400DB3ED1 /* libRCTGeolocation.a */,
			);
			name = Products;
			sourceTree = "<group>";
		};
		00C302BC1ABCB91800DB3ED1 /* Products */ = {
			isa = PBXGroup;
			children = (
				00C302C01ABCB91800DB3ED1 /* libRCTImage.a */,
			);
			name = Products;
			sourceTree = "<group>";
		};
		00C302D41ABCB9D200DB3ED1 /* Products */ = {
			isa = PBXGroup;
			children = (
				00C302DC1ABCB9D200DB3ED1 /* libRCTNetwork.a */,
			);
			name = Products;
			sourceTree = "<group>";
		};
		00C302E01ABCB9EE00DB3ED1 /* Products */ = {
			isa = PBXGroup;
			children = (
				00C302E41ABCB9EE00DB3ED1 /* libRCTVibration.a */,
			);
			name = Products;
			sourceTree = "<group>";
		};
		00E356EF1AD99517003FC87E /* MusicMonitorTests */ = {
			isa = PBXGroup;
			children = (
				00E356F21AD99517003FC87E /* MusicMonitorTests.m */,
				00E356F01AD99517003FC87E /* Supporting Files */,
			);
			path = MusicMonitorTests;
			sourceTree = "<group>";
		};
		00E356F01AD99517003FC87E /* Supporting Files */ = {
			isa = PBXGroup;
			children = (
				00E356F11AD99517003FC87E /* Info.plist */,
			);
			name = "Supporting Files";
			sourceTree = "<group>";
		};
		0F0A15B41D9E9C3A00AC372D /* Products */ = {
			isa = PBXGroup;
			children = (
				0F0A15B81D9E9C3A00AC372D /* libRCTGoogleAnalyticsBridge.a */,
			);
			name = Products;
			sourceTree = "<group>";
		};
		139105B71AF99BAD00B5F7CC /* Products */ = {
			isa = PBXGroup;
			children = (
				139105C11AF99BAD00B5F7CC /* libRCTSettings.a */,
			);
			name = Products;
			sourceTree = "<group>";
		};
		139FDEE71B06529A00C62182 /* Products */ = {
			isa = PBXGroup;
			children = (
				139FDEF41B06529B00C62182 /* libRCTWebSocket.a */,
			);
			name = Products;
			sourceTree = "<group>";
		};
		13B07FAE1A68108700A75B9A /* MusicMonitor */ = {
			isa = PBXGroup;
			children = (
				3C1FCA971EC4A0CD0051DA62 /* high_seiko.wav */,
				C4CF9BB91DDF329200D82260 /* MusicMonitor.entitlements */,
				842940EF1D9A773B00B0DA53 /* YTPlayerView-iframe-player.html */,
				008F07F21AC5B25A0029DE68 /* main.jsbundle */,
				13B07FAF1A68108700A75B9A /* AppDelegate.h */,
				13B07FB01A68108700A75B9A /* AppDelegate.m */,
				13B07FB51A68108700A75B9A /* Images.xcassets */,
				13B07FB61A68108700A75B9A /* Info.plist */,
				52D16DD41D5943CD00AAD703 /* LaunchScreen.xib */,
				13B07FB71A68108700A75B9A /* main.m */,
			);
			name = MusicMonitor;
			sourceTree = "<group>";
		};
		146834001AC3E56700842450 /* Products */ = {
			isa = PBXGroup;
			children = (
				146834041AC3E56700842450 /* libReact.a */,
			);
			name = Products;
			sourceTree = "<group>";
		};
		3C1FCA911EC49B9B0051DA62 /* Products */ = {
			isa = PBXGroup;
			children = (
				3C1FCA951EC49B9B0051DA62 /* libRNSound.a */,
			);
			name = Products;
			sourceTree = "<group>";
		};
		3C65A0121EC09FCC00EAB20D /* Products */ = {
			isa = PBXGroup;
			children = (
				3C65A0161EC09FCC00EAB20D /* libRNBcgTimer.a */,
			);
			name = Products;
			sourceTree = "<group>";
		};
		3C9573351F012F9000A7F651 /* Products */ = {
			isa = PBXGroup;
			children = (
				3C9573491F012F9100A7F651 /* libRCTYouTube.a */,
			);
			name = Products;
			sourceTree = "<group>";
		};
		3CCCEF7F1EDEFC000037C525 /* Products */ = {
			isa = PBXGroup;
			children = (
				3CCCEF8E1EDEFC010037C525 /* libRCTPdf.a */,
			);
			name = Products;
			sourceTree = "<group>";
		};
		3CCCF0901EDEFD1F0037C525 /* Products */ = {
			isa = PBXGroup;
			children = (
				3CCCF0941EDEFD1F0037C525 /* libRNFetchBlob.a */,
			);
			name = Products;
			sourceTree = "<group>";
		};
		52D16D511D59321600AAD703 /* Products */ = {
			isa = PBXGroup;
			children = (
				52D16D5B1D59321600AAD703 /* libRCTSplashScreen.a */,
			);
			name = Products;
			sourceTree = "<group>";
		};
		52D16D601D59321600AAD703 /* Products */ = {
			isa = PBXGroup;
			children = (
				52D16D641D59321600AAD703 /* libRCTFBLogin.a */,
			);
			name = Products;
			sourceTree = "<group>";
		};
		52D16D651D59321600AAD703 /* Products */ = {
			isa = PBXGroup;
			children = (
				52D16D691D59321600AAD703 /* libRNImagePicker.a */,
			);
			name = Products;
			sourceTree = "<group>";
		};
		52D16D6A1D59321600AAD703 /* Products */ = {
			isa = PBXGroup;
			children = (
				52D16D6E1D59321600AAD703 /* libBVLinearGradient.a */,
			);
			name = Products;
			sourceTree = "<group>";
		};
		52D16D7D1D59334B00AAD703 /* Products */ = {
			isa = PBXGroup;
			children = (
				52D16D8E1D59334B00AAD703 /* libRNGoogleSignin.a */,
			);
			name = Products;
			sourceTree = "<group>";
		};
		52D16D9C1D593B8D00AAD703 /* GoogleSdk */ = {
			isa = PBXGroup;
			children = (
				52D16D9D1D593B8D00AAD703 /* GoogleAppUtilities.framework */,
				52D16D9E1D593B8D00AAD703 /* GoogleAuthUtilities.framework */,
				52D16D9F1D593B8D00AAD703 /* GoogleNetworkingUtilities.framework */,
				52D16DA01D593B8D00AAD703 /* GoogleSignIn.bundle */,
				52D16DA11D593B8D00AAD703 /* GoogleSignIn.framework */,
				52D16DA21D593B8D00AAD703 /* GoogleSymbolUtilities.framework */,
				52D16DA31D593B8D00AAD703 /* GoogleUtilities.framework */,
			);
			path = GoogleSdk;
			sourceTree = "<group>";
		};
		52D16DC01D593EF700AAD703 /* Products */ = {
			isa = PBXGroup;
			children = (
				52D16DD31D593EF700AAD703 /* libRNVectorIcons.a */,
			);
			name = Products;
			sourceTree = "<group>";
		};
		52D16DD91D59469100AAD703 /* Products */ = {
			isa = PBXGroup;
			children = (
				52D16DDD1D59469100AAD703 /* libART.a */,
			);
			name = Products;
			sourceTree = "<group>";
		};
		5774E90304CC4BFBBDE97AE9 /* Resources */ = {
			isa = PBXGroup;
			children = (
				C462CFB61DF6B4BC00A7CFBF /* animation.gif */,
				C42011991DE73CC800631413 /* Crashlytics */,
				52D16DD61D59453F00AAD703 /* splash.png */,
				484559EC566B4ADEA5D30960 /* Entypo.ttf */,
				9E9D42CFDAB54BF9BED2AB35 /* EvilIcons.ttf */,
				F7567374510D43EB950E2698 /* FontAwesome.ttf */,
				38F1A4B855A743D482EAB2E6 /* Foundation.ttf */,
				31DDA3FCE62741949C1ADF88 /* Ionicons.ttf */,
				1F01DC9E74D340978B4E2180 /* MaterialIcons.ttf */,
				FD1D37E1E0034AF1B38F7D3D /* Octicons.ttf */,
				C4B885D335794B46B1086C41 /* Zocial.ttf */,
			);
			name = Resources;
			sourceTree = "<group>";
		};
		78C398B11ACF4ADC00677621 /* Products */ = {
			isa = PBXGroup;
			children = (
				78C398B91ACF4ADC00677621 /* libRCTLinking.a */,
			);
			name = Products;
			sourceTree = "<group>";
		};
		832341AE1AAA6A7D00B99B32 /* Libraries */ = {
			isa = PBXGroup;
			children = (
				3C9573341F012F9000A7F651 /* RCTYouTube.xcodeproj */,
				3CCCF08F1EDEFD1F0037C525 /* RNFetchBlob.xcodeproj */,
				3CCCEF7E1EDEFC000037C525 /* RCTPdf.xcodeproj */,
				3C1FCA901EC49B9B0051DA62 /* RNSound.xcodeproj */,
				3C65A0111EC09FCC00EAB20D /* RNBcgTimer.xcodeproj */,
				C4AEBB591DE8618E003B69F3 /* RNBackgroundTimer.xcodeproj */,
				C45A30C21DD9B70400AED4A6 /* SMXCrashlytics.xcodeproj */,
				0F0A15B31D9E9C3A00AC372D /* RCTGoogleAnalyticsBridge.xcodeproj */,
				840B877A1D9BA8BB009D13AA /* RNMixpanel.xcodeproj */,
				842940951D9A503300B0DA53 /* react-native-media-kit.xcodeproj */,
				84CAF4D11D717DB2006619F0 /* KCKeepAwake.xcodeproj */,
				52D16DD81D59469100AAD703 /* ART.xcodeproj */,
				146833FF1AC3E56700842450 /* React.xcodeproj */,
				00C302A71ABCB8CE00DB3ED1 /* RCTActionSheet.xcodeproj */,
				00C302B51ABCB90400DB3ED1 /* RCTGeolocation.xcodeproj */,
				00C302BB1ABCB91800DB3ED1 /* RCTImage.xcodeproj */,
				78C398B01ACF4ADC00677621 /* RCTLinking.xcodeproj */,
				00C302D31ABCB9D200DB3ED1 /* RCTNetwork.xcodeproj */,
				139105B61AF99BAD00B5F7CC /* RCTSettings.xcodeproj */,
				832341B01AAA6A8300B99B32 /* RCTText.xcodeproj */,
				00C302DF1ABCB9EE00DB3ED1 /* RCTVibration.xcodeproj */,
				139FDEE61B06529A00C62182 /* RCTWebSocket.xcodeproj */,
				961330079A6A4BE696ABBEA4 /* RCTSplashScreen.xcodeproj */,
				77CDB7F7625043419459AB56 /* RCTFBLogin.xcodeproj */,
				907F9666EE184E16A05F2B45 /* RNImagePicker.xcodeproj */,
				29208CF0AA7A471DABBAA76C /* BVLinearGradient.xcodeproj */,
				4F86E7233A2B4565ACEC4C4F /* RNGoogleSignin.xcodeproj */,
				D5B6B69F0E294D2CA61A690E /* RNVectorIcons.xcodeproj */,
			);
			name = Libraries;
			sourceTree = "<group>";
		};
		832341B11AAA6A8300B99B32 /* Products */ = {
			isa = PBXGroup;
			children = (
				832341B51AAA6A8300B99B32 /* libRCTText.a */,
			);
			name = Products;
			sourceTree = "<group>";
		};
		83CBB9F61A601CBA00E9B192 = {
			isa = PBXGroup;
			children = (
				0F8DEF6B1D9E8696004E3444 /* Mixpanel.framework */,
				13B07FAE1A68108700A75B9A /* MusicMonitor */,
				832341AE1AAA6A7D00B99B32 /* Libraries */,
				00E356EF1AD99517003FC87E /* MusicMonitorTests */,
				83CBBA001A601CBA00E9B192 /* Products */,
				FBB53174873B40828DB4DF58 /* Frameworks */,
				5774E90304CC4BFBBDE97AE9 /* Resources */,
			);
			indentWidth = 2;
			sourceTree = "<group>";
			tabWidth = 2;
		};
		83CBBA001A601CBA00E9B192 /* Products */ = {
			isa = PBXGroup;
			children = (
				13B07F961A680F5B00A75B9A /* MusicMonitor.app */,
			);
			name = Products;
			sourceTree = "<group>";
		};
		840B877B1D9BA8BB009D13AA /* Products */ = {
			isa = PBXGroup;
			children = (
				840B877F1D9BA8BB009D13AA /* libRNMixpanel.a */,
			);
			name = Products;
			sourceTree = "<group>";
		};
		842940961D9A503300B0DA53 /* Products */ = {
			isa = PBXGroup;
			children = (
				8429409A1D9A503300B0DA53 /* libreact-native-media-kit.a */,
			);
			name = Products;
			sourceTree = "<group>";
		};
		84CAF4D21D717DB2006619F0 /* Products */ = {
			isa = PBXGroup;
			children = (
				84CAF4D81D717DB3006619F0 /* libKCKeepAwake.a */,
			);
			name = Products;
			sourceTree = "<group>";
		};
		C42011991DE73CC800631413 /* Crashlytics */ = {
			isa = PBXGroup;
			children = (
				C420119A1DE73CC800631413 /* Crashlytics.framework */,
				C420119B1DE73CC800631413 /* Fabric.framework */,
			);
			path = Crashlytics;
			sourceTree = "<group>";
		};
		C45A30C31DD9B70400AED4A6 /* Products */ = {
			isa = PBXGroup;
			children = (
				C45A30C71DD9B70400AED4A6 /* libSMXCrashlytics.a */,
			);
			name = Products;
			sourceTree = "<group>";
		};
		C4AEBB5A1DE8618E003B69F3 /* Products */ = {
			isa = PBXGroup;
			children = (
				C4AEBB5E1DE8618E003B69F3 /* libRNBackgroundTimer.a */,
			);
			name = Products;
			sourceTree = "<group>";
		};
		FBB53174873B40828DB4DF58 /* Frameworks */ = {
			isa = PBXGroup;
			children = (
				C4AEBB571DE83D32003B69F3 /* GoogleSignInDependencies.framework */,
				0FE7BD331D9E97C300D09C25 /* libsqlite3.0.tbd */,
				0FE7BD311D9E97AF00D09C25 /* CoreData.framework */,
				840B87831D9BAB19009D13AA /* Mixpanel.framework */,
				840B87781D9BA865009D13AA /* QuartzCore.framework */,
				840B87761D9BA859009D13AA /* CoreGraphics.framework */,
				840B87741D9BA850009D13AA /* Accelerate.framework */,
				840B87721D9BA844009D13AA /* CoreTelephony.framework */,
				840B87701D9BA82B009D13AA /* Foundation.framework */,
				840B876E1D9BA81C009D13AA /* UIKit.framework */,
				52D16DAB1D593DEB00AAD703 /* FBSDKCoreKit.framework */,
				52D16DAC1D593DEB00AAD703 /* FBSDKLoginKit.framework */,
				52D16DAD1D593DEB00AAD703 /* FBSDKShareKit.framework */,
				52D16D9C1D593B8D00AAD703 /* GoogleSdk */,
				E4B72A7E9A874A499B1990A3 /* libz.tbd */,
				E9AC26820A4646D882EA526F /* SafariServices.framework */,
				2598047F41E445AA8662AD6E /* SystemConfiguration.framework */,
				855F61E9949C47D081C459F1 /* AddressBook.framework */,
			);
			name = Frameworks;
			sourceTree = "<group>";
		};
/* End PBXGroup section */

/* Begin PBXNativeTarget section */
		13B07F861A680F5B00A75B9A /* MusicMonitor */ = {
			isa = PBXNativeTarget;
			buildConfigurationList = 13B07F931A680F5B00A75B9A /* Build configuration list for PBXNativeTarget "MusicMonitor" */;
			buildPhases = (
				13B07F871A680F5B00A75B9A /* Sources */,
				13B07F8E1A680F5B00A75B9A /* Resources */,
				13B07F8C1A680F5B00A75B9A /* Frameworks */,
				00DD1BFF1BD5951E006B06BC /* Bundle React Native code and images */,
				0F8DEF6F1D9E893C004E3444 /* Run Script */,
			);
			buildRules = (
			);
			dependencies = (
			);
			name = MusicMonitor;
			productName = "Hello World";
			productReference = 13B07F961A680F5B00A75B9A /* MusicMonitor.app */;
			productType = "com.apple.product-type.application";
		};
/* End PBXNativeTarget section */

/* Begin PBXProject section */
		83CBB9F71A601CBA00E9B192 /* Project object */ = {
			isa = PBXProject;
			attributes = {
				LastUpgradeCheck = 610;
				ORGANIZATIONNAME = Facebook;
				TargetAttributes = {
					13B07F861A680F5B00A75B9A = {
						DevelopmentTeam = YCH7DHY278;
						ProvisioningStyle = Automatic;
						SystemCapabilities = {
							com.apple.BackgroundModes = {
								enabled = 1;
							};
							com.apple.Keychain = {
								enabled = 1;
							};
						};
					};
				};
			};
			buildConfigurationList = 83CBB9FA1A601CBA00E9B192 /* Build configuration list for PBXProject "MusicMonitor" */;
			compatibilityVersion = "Xcode 3.2";
			developmentRegion = English;
			hasScannedForEncodings = 0;
			knownRegions = (
				en,
				Base,
			);
			mainGroup = 83CBB9F61A601CBA00E9B192;
			productRefGroup = 83CBBA001A601CBA00E9B192 /* Products */;
			projectDirPath = "";
			projectReferences = (
				{
					ProductGroup = 52D16DD91D59469100AAD703 /* Products */;
					ProjectRef = 52D16DD81D59469100AAD703 /* ART.xcodeproj */;
				},
				{
					ProductGroup = 52D16D6A1D59321600AAD703 /* Products */;
					ProjectRef = 29208CF0AA7A471DABBAA76C /* BVLinearGradient.xcodeproj */;
				},
				{
					ProductGroup = 84CAF4D21D717DB2006619F0 /* Products */;
					ProjectRef = 84CAF4D11D717DB2006619F0 /* KCKeepAwake.xcodeproj */;
				},
				{
					ProductGroup = 00C302A81ABCB8CE00DB3ED1 /* Products */;
					ProjectRef = 00C302A71ABCB8CE00DB3ED1 /* RCTActionSheet.xcodeproj */;
				},
				{
					ProductGroup = 52D16D601D59321600AAD703 /* Products */;
					ProjectRef = 77CDB7F7625043419459AB56 /* RCTFBLogin.xcodeproj */;
				},
				{
					ProductGroup = 00C302B61ABCB90400DB3ED1 /* Products */;
					ProjectRef = 00C302B51ABCB90400DB3ED1 /* RCTGeolocation.xcodeproj */;
				},
				{
					ProductGroup = 0F0A15B41D9E9C3A00AC372D /* Products */;
					ProjectRef = 0F0A15B31D9E9C3A00AC372D /* RCTGoogleAnalyticsBridge.xcodeproj */;
				},
				{
					ProductGroup = 00C302BC1ABCB91800DB3ED1 /* Products */;
					ProjectRef = 00C302BB1ABCB91800DB3ED1 /* RCTImage.xcodeproj */;
				},
				{
					ProductGroup = 78C398B11ACF4ADC00677621 /* Products */;
					ProjectRef = 78C398B01ACF4ADC00677621 /* RCTLinking.xcodeproj */;
				},
				{
					ProductGroup = 00C302D41ABCB9D200DB3ED1 /* Products */;
					ProjectRef = 00C302D31ABCB9D200DB3ED1 /* RCTNetwork.xcodeproj */;
				},
				{
					ProductGroup = 3CCCEF7F1EDEFC000037C525 /* Products */;
					ProjectRef = 3CCCEF7E1EDEFC000037C525 /* RCTPdf.xcodeproj */;
				},
				{
					ProductGroup = 139105B71AF99BAD00B5F7CC /* Products */;
					ProjectRef = 139105B61AF99BAD00B5F7CC /* RCTSettings.xcodeproj */;
				},
				{
					ProductGroup = 52D16D511D59321600AAD703 /* Products */;
					ProjectRef = 961330079A6A4BE696ABBEA4 /* RCTSplashScreen.xcodeproj */;
				},
				{
					ProductGroup = 832341B11AAA6A8300B99B32 /* Products */;
					ProjectRef = 832341B01AAA6A8300B99B32 /* RCTText.xcodeproj */;
				},
				{
					ProductGroup = 00C302E01ABCB9EE00DB3ED1 /* Products */;
					ProjectRef = 00C302DF1ABCB9EE00DB3ED1 /* RCTVibration.xcodeproj */;
				},
				{
					ProductGroup = 139FDEE71B06529A00C62182 /* Products */;
					ProjectRef = 139FDEE61B06529A00C62182 /* RCTWebSocket.xcodeproj */;
				},
				{
					ProductGroup = 3C9573351F012F9000A7F651 /* Products */;
					ProjectRef = 3C9573341F012F9000A7F651 /* RCTYouTube.xcodeproj */;
				},
				{
					ProductGroup = 842940961D9A503300B0DA53 /* Products */;
					ProjectRef = 842940951D9A503300B0DA53 /* react-native-media-kit.xcodeproj */;
				},
				{
					ProductGroup = 146834001AC3E56700842450 /* Products */;
					ProjectRef = 146833FF1AC3E56700842450 /* React.xcodeproj */;
				},
				{
					ProductGroup = C4AEBB5A1DE8618E003B69F3 /* Products */;
					ProjectRef = C4AEBB591DE8618E003B69F3 /* RNBackgroundTimer.xcodeproj */;
				},
				{
					ProductGroup = 3C65A0121EC09FCC00EAB20D /* Products */;
					ProjectRef = 3C65A0111EC09FCC00EAB20D /* RNBcgTimer.xcodeproj */;
				},
				{
					ProductGroup = 3CCCF0901EDEFD1F0037C525 /* Products */;
					ProjectRef = 3CCCF08F1EDEFD1F0037C525 /* RNFetchBlob.xcodeproj */;
				},
				{
					ProductGroup = 52D16D7D1D59334B00AAD703 /* Products */;
					ProjectRef = 4F86E7233A2B4565ACEC4C4F /* RNGoogleSignin.xcodeproj */;
				},
				{
					ProductGroup = 52D16D651D59321600AAD703 /* Products */;
					ProjectRef = 907F9666EE184E16A05F2B45 /* RNImagePicker.xcodeproj */;
				},
				{
					ProductGroup = 840B877B1D9BA8BB009D13AA /* Products */;
					ProjectRef = 840B877A1D9BA8BB009D13AA /* RNMixpanel.xcodeproj */;
				},
				{
					ProductGroup = 3C1FCA911EC49B9B0051DA62 /* Products */;
					ProjectRef = 3C1FCA901EC49B9B0051DA62 /* RNSound.xcodeproj */;
				},
				{
					ProductGroup = 52D16DC01D593EF700AAD703 /* Products */;
					ProjectRef = D5B6B69F0E294D2CA61A690E /* RNVectorIcons.xcodeproj */;
				},
				{
					ProductGroup = C45A30C31DD9B70400AED4A6 /* Products */;
					ProjectRef = C45A30C21DD9B70400AED4A6 /* SMXCrashlytics.xcodeproj */;
				},
			);
			projectRoot = "";
			targets = (
				13B07F861A680F5B00A75B9A /* MusicMonitor */,
			);
		};
/* End PBXProject section */

/* Begin PBXReferenceProxy section */
		00C302AC1ABCB8CE00DB3ED1 /* libRCTActionSheet.a */ = {
			isa = PBXReferenceProxy;
			fileType = archive.ar;
			path = libRCTActionSheet.a;
			remoteRef = 00C302AB1ABCB8CE00DB3ED1 /* PBXContainerItemProxy */;
			sourceTree = BUILT_PRODUCTS_DIR;
		};
		00C302BA1ABCB90400DB3ED1 /* libRCTGeolocation.a */ = {
			isa = PBXReferenceProxy;
			fileType = archive.ar;
			path = libRCTGeolocation.a;
			remoteRef = 00C302B91ABCB90400DB3ED1 /* PBXContainerItemProxy */;
			sourceTree = BUILT_PRODUCTS_DIR;
		};
		00C302C01ABCB91800DB3ED1 /* libRCTImage.a */ = {
			isa = PBXReferenceProxy;
			fileType = archive.ar;
			path = libRCTImage.a;
			remoteRef = 00C302BF1ABCB91800DB3ED1 /* PBXContainerItemProxy */;
			sourceTree = BUILT_PRODUCTS_DIR;
		};
		00C302DC1ABCB9D200DB3ED1 /* libRCTNetwork.a */ = {
			isa = PBXReferenceProxy;
			fileType = archive.ar;
			path = libRCTNetwork.a;
			remoteRef = 00C302DB1ABCB9D200DB3ED1 /* PBXContainerItemProxy */;
			sourceTree = BUILT_PRODUCTS_DIR;
		};
		00C302E41ABCB9EE00DB3ED1 /* libRCTVibration.a */ = {
			isa = PBXReferenceProxy;
			fileType = archive.ar;
			path = libRCTVibration.a;
			remoteRef = 00C302E31ABCB9EE00DB3ED1 /* PBXContainerItemProxy */;
			sourceTree = BUILT_PRODUCTS_DIR;
		};
		0F0A15B81D9E9C3A00AC372D /* libRCTGoogleAnalyticsBridge.a */ = {
			isa = PBXReferenceProxy;
			fileType = archive.ar;
			path = libRCTGoogleAnalyticsBridge.a;
			remoteRef = 0F0A15B71D9E9C3A00AC372D /* PBXContainerItemProxy */;
			sourceTree = BUILT_PRODUCTS_DIR;
		};
		139105C11AF99BAD00B5F7CC /* libRCTSettings.a */ = {
			isa = PBXReferenceProxy;
			fileType = archive.ar;
			path = libRCTSettings.a;
			remoteRef = 139105C01AF99BAD00B5F7CC /* PBXContainerItemProxy */;
			sourceTree = BUILT_PRODUCTS_DIR;
		};
		139FDEF41B06529B00C62182 /* libRCTWebSocket.a */ = {
			isa = PBXReferenceProxy;
			fileType = archive.ar;
			path = libRCTWebSocket.a;
			remoteRef = 139FDEF31B06529B00C62182 /* PBXContainerItemProxy */;
			sourceTree = BUILT_PRODUCTS_DIR;
		};
		146834041AC3E56700842450 /* libReact.a */ = {
			isa = PBXReferenceProxy;
			fileType = archive.ar;
			path = libReact.a;
			remoteRef = 146834031AC3E56700842450 /* PBXContainerItemProxy */;
			sourceTree = BUILT_PRODUCTS_DIR;
		};
		3C1FCA951EC49B9B0051DA62 /* libRNSound.a */ = {
			isa = PBXReferenceProxy;
			fileType = archive.ar;
			path = libRNSound.a;
			remoteRef = 3C1FCA941EC49B9B0051DA62 /* PBXContainerItemProxy */;
			sourceTree = BUILT_PRODUCTS_DIR;
		};
		3C65A0161EC09FCC00EAB20D /* libRNBcgTimer.a */ = {
			isa = PBXReferenceProxy;
			fileType = archive.ar;
			path = libRNBcgTimer.a;
			remoteRef = 3C65A0151EC09FCC00EAB20D /* PBXContainerItemProxy */;
			sourceTree = BUILT_PRODUCTS_DIR;
		};
		3C9573491F012F9100A7F651 /* libRCTYouTube.a */ = {
			isa = PBXReferenceProxy;
			fileType = archive.ar;
			path = libRCTYouTube.a;
			remoteRef = 3C9573481F012F9100A7F651 /* PBXContainerItemProxy */;
			sourceTree = BUILT_PRODUCTS_DIR;
		};
		3CCCEF8E1EDEFC010037C525 /* libRCTPdf.a */ = {
			isa = PBXReferenceProxy;
			fileType = archive.ar;
			path = libRCTPdf.a;
			remoteRef = 3CCCEF8D1EDEFC010037C525 /* PBXContainerItemProxy */;
			sourceTree = BUILT_PRODUCTS_DIR;
		};
		3CCCF0941EDEFD1F0037C525 /* libRNFetchBlob.a */ = {
			isa = PBXReferenceProxy;
			fileType = archive.ar;
			path = libRNFetchBlob.a;
			remoteRef = 3CCCF0931EDEFD1F0037C525 /* PBXContainerItemProxy */;
			sourceTree = BUILT_PRODUCTS_DIR;
		};
		52D16D5B1D59321600AAD703 /* libRCTSplashScreen.a */ = {
			isa = PBXReferenceProxy;
			fileType = archive.ar;
			path = libRCTSplashScreen.a;
			remoteRef = 52D16D5A1D59321600AAD703 /* PBXContainerItemProxy */;
			sourceTree = BUILT_PRODUCTS_DIR;
		};
		52D16D641D59321600AAD703 /* libRCTFBLogin.a */ = {
			isa = PBXReferenceProxy;
			fileType = archive.ar;
			path = libRCTFBLogin.a;
			remoteRef = 52D16D631D59321600AAD703 /* PBXContainerItemProxy */;
			sourceTree = BUILT_PRODUCTS_DIR;
		};
		52D16D691D59321600AAD703 /* libRNImagePicker.a */ = {
			isa = PBXReferenceProxy;
			fileType = archive.ar;
			path = libRNImagePicker.a;
			remoteRef = 52D16D681D59321600AAD703 /* PBXContainerItemProxy */;
			sourceTree = BUILT_PRODUCTS_DIR;
		};
		52D16D6E1D59321600AAD703 /* libBVLinearGradient.a */ = {
			isa = PBXReferenceProxy;
			fileType = archive.ar;
			path = libBVLinearGradient.a;
			remoteRef = 52D16D6D1D59321600AAD703 /* PBXContainerItemProxy */;
			sourceTree = BUILT_PRODUCTS_DIR;
		};
		52D16D8E1D59334B00AAD703 /* libRNGoogleSignin.a */ = {
			isa = PBXReferenceProxy;
			fileType = archive.ar;
			path = libRNGoogleSignin.a;
			remoteRef = 52D16D8D1D59334B00AAD703 /* PBXContainerItemProxy */;
			sourceTree = BUILT_PRODUCTS_DIR;
		};
		52D16DD31D593EF700AAD703 /* libRNVectorIcons.a */ = {
			isa = PBXReferenceProxy;
			fileType = archive.ar;
			path = libRNVectorIcons.a;
			remoteRef = 52D16DD21D593EF700AAD703 /* PBXContainerItemProxy */;
			sourceTree = BUILT_PRODUCTS_DIR;
		};
		52D16DDD1D59469100AAD703 /* libART.a */ = {
			isa = PBXReferenceProxy;
			fileType = archive.ar;
			path = libART.a;
			remoteRef = 52D16DDC1D59469100AAD703 /* PBXContainerItemProxy */;
			sourceTree = BUILT_PRODUCTS_DIR;
		};
		78C398B91ACF4ADC00677621 /* libRCTLinking.a */ = {
			isa = PBXReferenceProxy;
			fileType = archive.ar;
			path = libRCTLinking.a;
			remoteRef = 78C398B81ACF4ADC00677621 /* PBXContainerItemProxy */;
			sourceTree = BUILT_PRODUCTS_DIR;
		};
		832341B51AAA6A8300B99B32 /* libRCTText.a */ = {
			isa = PBXReferenceProxy;
			fileType = archive.ar;
			path = libRCTText.a;
			remoteRef = 832341B41AAA6A8300B99B32 /* PBXContainerItemProxy */;
			sourceTree = BUILT_PRODUCTS_DIR;
		};
		840B877F1D9BA8BB009D13AA /* libRNMixpanel.a */ = {
			isa = PBXReferenceProxy;
			fileType = archive.ar;
			path = libRNMixpanel.a;
			remoteRef = 840B877E1D9BA8BB009D13AA /* PBXContainerItemProxy */;
			sourceTree = BUILT_PRODUCTS_DIR;
		};
		8429409A1D9A503300B0DA53 /* libreact-native-media-kit.a */ = {
			isa = PBXReferenceProxy;
			fileType = archive.ar;
			path = "libreact-native-media-kit.a";
			remoteRef = 842940991D9A503300B0DA53 /* PBXContainerItemProxy */;
			sourceTree = BUILT_PRODUCTS_DIR;
		};
		84CAF4D81D717DB3006619F0 /* libKCKeepAwake.a */ = {
			isa = PBXReferenceProxy;
			fileType = archive.ar;
			path = libKCKeepAwake.a;
			remoteRef = 84CAF4D71D717DB3006619F0 /* PBXContainerItemProxy */;
			sourceTree = BUILT_PRODUCTS_DIR;
		};
		C45A30C71DD9B70400AED4A6 /* libSMXCrashlytics.a */ = {
			isa = PBXReferenceProxy;
			fileType = archive.ar;
			path = libSMXCrashlytics.a;
			remoteRef = C45A30C61DD9B70400AED4A6 /* PBXContainerItemProxy */;
			sourceTree = BUILT_PRODUCTS_DIR;
		};
		C4AEBB5E1DE8618E003B69F3 /* libRNBackgroundTimer.a */ = {
			isa = PBXReferenceProxy;
			fileType = archive.ar;
			path = libRNBackgroundTimer.a;
			remoteRef = C4AEBB5D1DE8618E003B69F3 /* PBXContainerItemProxy */;
			sourceTree = BUILT_PRODUCTS_DIR;
		};
/* End PBXReferenceProxy section */

/* Begin PBXResourcesBuildPhase section */
		13B07F8E1A680F5B00A75B9A /* Resources */ = {
			isa = PBXResourcesBuildPhase;
			buildActionMask = 2147483647;
			files = (
				13B07FBF1A68108700A75B9A /* Images.xcassets in Resources */,
				C462CFB71DF6B4BC00A7CFBF /* animation.gif in Resources */,
				52D16DA71D593B8D00AAD703 /* GoogleSignIn.bundle in Resources */,
				858E1456F0A14A0EAB37DB0F /* Entypo.ttf in Resources */,
				2B779CEC1EFF430BADFFFC48 /* EvilIcons.ttf in Resources */,
				52D16DD71D59453F00AAD703 /* splash.png in Resources */,
				B096831D543C48EB8755A67D /* FontAwesome.ttf in Resources */,
				842940F01D9A773B00B0DA53 /* YTPlayerView-iframe-player.html in Resources */,
				8D547DB69C4D44FCA6C90859 /* Foundation.ttf in Resources */,
				DB96B2BD362F423AB5228C1D /* Ionicons.ttf in Resources */,
				4869A3FBFC804B2F9528C23D /* MaterialIcons.ttf in Resources */,
				094D78DDE1C14DD191269D5F /* Octicons.ttf in Resources */,
				3C1FCA981EC4A0CD0051DA62 /* high_seiko.wav in Resources */,
				52D16DD51D5943CD00AAD703 /* LaunchScreen.xib in Resources */,
				EB83C763DA9F4EB88B0C43E9 /* Zocial.ttf in Resources */,
			);
			runOnlyForDeploymentPostprocessing = 0;
		};
/* End PBXResourcesBuildPhase section */

/* Begin PBXShellScriptBuildPhase section */
		00DD1BFF1BD5951E006B06BC /* Bundle React Native code and images */ = {
			isa = PBXShellScriptBuildPhase;
			buildActionMask = 2147483647;
			files = (
			);
			inputPaths = (
			);
			name = "Bundle React Native code and images";
			outputPaths = (
			);
			runOnlyForDeploymentPostprocessing = 0;
			shellPath = /bin/sh;
			shellScript = "export NODE_BINARY=node\n../node_modules/react-native/packager/react-native-xcode.sh";
		};
		0F8DEF6F1D9E893C004E3444 /* Run Script */ = {
			isa = PBXShellScriptBuildPhase;
			buildActionMask = 2147483647;
			files = (
			);
			inputPaths = (
				"$(SRCROOT)/Carthage/Build/iOS/Mixpanel.framework",
			);
			name = "Run Script";
			outputPaths = (
			);
			runOnlyForDeploymentPostprocessing = 0;
			shellPath = /bin/sh;
			shellScript = "/usr/local/bin/carthage copy-frameworks\n./Fabric.framework/run dad45471996ab9b46941ee355112ed4a06c0a8b4 c93a57e0cb2a2d712aa5521b7d3c42da05521ecdf1f20eecbd9413725b158858";
		};
/* End PBXShellScriptBuildPhase section */

/* Begin PBXSourcesBuildPhase section */
		13B07F871A680F5B00A75B9A /* Sources */ = {
			isa = PBXSourcesBuildPhase;
			buildActionMask = 2147483647;
			files = (
				13B07FBC1A68108700A75B9A /* AppDelegate.m in Sources */,
				13B07FC11A68108700A75B9A /* main.m in Sources */,
			);
			runOnlyForDeploymentPostprocessing = 0;
		};
/* End PBXSourcesBuildPhase section */

/* Begin XCBuildConfiguration section */
		13B07F941A680F5B00A75B9A /* Debug */ = {
			isa = XCBuildConfiguration;
			buildSettings = {
				ASSETCATALOG_COMPILER_APPICON_NAME = AppIcon;
				CODE_SIGN_ENTITLEMENTS = MusicMonitor/MusicMonitor.entitlements;
				CODE_SIGN_IDENTITY = "";
				"CODE_SIGN_IDENTITY[sdk=iphoneos*]" = "iPhone Developer";
				DEAD_CODE_STRIPPING = NO;
				DEVELOPMENT_TEAM = "";
				ENABLE_BITCODE = NO;
				FRAMEWORK_SEARCH_PATHS = (
					"$(inherited)",
					"$(PROJECT_DIR)/GoogleSdk",
					"$(SRCROOT)/../node_modules/react-native-facebook-login/FacebookSDK/**",
					"$(PROJECT_DIR)",
					"$(PROJECT_DIR)/Crashlytics",
				);
				HEADER_SEARCH_PATHS = (
					"$(inherited)",
					/Applications/Xcode.app/Contents/Developer/Toolchains/XcodeDefault.xctoolchain/usr/include,
					"$(SRCROOT)/../node_modules/react-native/React/**",
					"$(SRCROOT)/../node_modules/@remobile/react-native-splashscreen/ios/RCTSplashScreen/**",
					"$(SRCROOT)/../node_modules/react-native-facebook-login/RCTFBLogin/**",
					"$(SRCROOT)/../node_modules/react-native-image-picker/ios/**",
					"$(SRCROOT)/../node_modules/react-native-linear-gradient/BVLinearGradient",
					"$(SRCROOT)/../node_modules/react-native-google-signin/ios/RNGoogleSignin/**",
					"$(SRCROOT)/../node_modules/react-native-vector-icons/RNVectorIconsManager",
					"$(SRCROOT)/../../../react-native/React/**",
					"$(SRCROOT)/../node_modules/react-native-code-push/**",
					"$(SRCROOT)/../node_modules/react-native-pdf/**",
					"$(SRCROOT)/../node_modules/react-native-youtube/**",
					"$(SRCROOT)/../node_modules/react-native-fetch-blob/**",
				);
				INFOPLIST_FILE = MusicMonitor/Info.plist;
				IPHONEOS_DEPLOYMENT_TARGET = 9.3;
				LD_RUNPATH_SEARCH_PATHS = "$(inherited) @executable_path/Frameworks";
				LIBRARY_SEARCH_PATHS = "";
				OTHER_LDFLAGS = (
					"$(inherited)",
					"-ObjC",
					"-lc++",
				);
				PRODUCT_BUNDLE_IDENTIFIER = musicmonitor;
				PRODUCT_NAME = MusicMonitor;
				PROVISIONING_PROFILE = "";
				PROVISIONING_PROFILE_SPECIFIER = "";
				TARGETED_DEVICE_FAMILY = 1;
			};
			name = Debug;
		};
		13B07F951A680F5B00A75B9A /* Release */ = {
			isa = XCBuildConfiguration;
			buildSettings = {
				ASSETCATALOG_COMPILER_APPICON_NAME = AppIcon;
				CODE_SIGN_ENTITLEMENTS = MusicMonitor/MusicMonitor.entitlements;
				CODE_SIGN_IDENTITY = "";
				"CODE_SIGN_IDENTITY[sdk=iphoneos*]" = "iPhone Developer";
				DEVELOPMENT_TEAM = "";
				ENABLE_BITCODE = NO;
				FRAMEWORK_SEARCH_PATHS = (
					"$(inherited)",
					"$(PROJECT_DIR)/GoogleSdk",
					"$(SRCROOT)/../node_modules/react-native-facebook-login/FacebookSDK/**",
					"$(PROJECT_DIR)",
					"$(PROJECT_DIR)/Crashlytics",
				);
				HEADER_SEARCH_PATHS = (
					"$(inherited)",
					/Applications/Xcode.app/Contents/Developer/Toolchains/XcodeDefault.xctoolchain/usr/include,
					"$(SRCROOT)/../node_modules/react-native/React/**",
					"$(SRCROOT)/../node_modules/@remobile/react-native-splashscreen/ios/RCTSplashScreen/**",
					"$(SRCROOT)/../node_modules/react-native-facebook-login/RCTFBLogin/**",
					"$(SRCROOT)/../node_modules/react-native-image-picker/ios/**",
					"$(SRCROOT)/../node_modules/react-native-linear-gradient/BVLinearGradient",
					"$(SRCROOT)/../node_modules/react-native-google-signin/ios/RNGoogleSignin/**",
					"$(SRCROOT)/../node_modules/react-native-vector-icons/RNVectorIconsManager",
					"$(SRCROOT)/../../../react-native/React/**",
					"$(SRCROOT)/../node_modules/react-native-code-push/**",
					"$(SRCROOT)/../node_modules/react-native-pdf/**",
					"$(SRCROOT)/../node_modules/react-native-youtube/**",
					"$(SRCROOT)/../node_modules/react-native-fetch-blob/**",
				);
				INFOPLIST_FILE = MusicMonitor/Info.plist;
				IPHONEOS_DEPLOYMENT_TARGET = 9.3;
				LD_RUNPATH_SEARCH_PATHS = "$(inherited) @executable_path/Frameworks";
				LIBRARY_SEARCH_PATHS = "";
				OTHER_LDFLAGS = (
					"$(inherited)",
					"-ObjC",
					"-lc++",
				);
				PRODUCT_BUNDLE_IDENTIFIER = musicmonitor;
				PRODUCT_NAME = MusicMonitor;
				PROVISIONING_PROFILE = "";
				PROVISIONING_PROFILE_SPECIFIER = "";
				TARGETED_DEVICE_FAMILY = 1;
			};
			name = Release;
		};
		83CBBA201A601CBA00E9B192 /* Debug */ = {
			isa = XCBuildConfiguration;
			buildSettings = {
				ALWAYS_SEARCH_USER_PATHS = NO;
				CLANG_CXX_LANGUAGE_STANDARD = "gnu++0x";
				CLANG_CXX_LIBRARY = "libc++";
				CLANG_ENABLE_MODULES = YES;
				CLANG_ENABLE_OBJC_ARC = YES;
				CLANG_WARN_BOOL_CONVERSION = YES;
				CLANG_WARN_CONSTANT_CONVERSION = YES;
				CLANG_WARN_DIRECT_OBJC_ISA_USAGE = YES_ERROR;
				CLANG_WARN_EMPTY_BODY = YES;
				CLANG_WARN_ENUM_CONVERSION = YES;
				CLANG_WARN_INT_CONVERSION = YES;
				CLANG_WARN_OBJC_ROOT_CLASS = YES_ERROR;
				CLANG_WARN_UNREACHABLE_CODE = YES;
				CLANG_WARN__DUPLICATE_METHOD_MATCH = YES;
				"CODE_SIGN_IDENTITY[sdk=iphoneos*]" = "iPhone Developer";
				COPY_PHASE_STRIP = NO;
				ENABLE_STRICT_OBJC_MSGSEND = YES;
				GCC_C_LANGUAGE_STANDARD = gnu99;
				GCC_DYNAMIC_NO_PIC = NO;
				GCC_OPTIMIZATION_LEVEL = 0;
				GCC_PREPROCESSOR_DEFINITIONS = (
					"DEBUG=1",
					"$(inherited)",
				);
				GCC_SYMBOLS_PRIVATE_EXTERN = NO;
				GCC_WARN_64_TO_32_BIT_CONVERSION = YES;
				GCC_WARN_ABOUT_RETURN_TYPE = YES_ERROR;
				GCC_WARN_UNDECLARED_SELECTOR = YES;
				GCC_WARN_UNINITIALIZED_AUTOS = YES_AGGRESSIVE;
				GCC_WARN_UNUSED_FUNCTION = YES;
				GCC_WARN_UNUSED_VARIABLE = YES;
				HEADER_SEARCH_PATHS = (
					"$(inherited)",
					/Applications/Xcode.app/Contents/Developer/Toolchains/XcodeDefault.xctoolchain/usr/include,
					"$(SRCROOT)/../node_modules/react-native/React/**",
					"$(SRCROOT)/../node_modules/@remobile/react-native-splashscreen/ios/RCTSplashScreen",
					"$(SRCROOT)/../node_modules/react-native-facebook-login/RCTFBLogin/**",
					"$(SRCROOT)/../node_modules/react-native-image-picker/ios/**",
					"$(SRCROOT)/../node_modules/react-native-linear-gradient/BVLinearGradient",
					"$(SRCROOT)/../node_modules/react-native-google-signin/ios/RNGoogleSignin/**",
					"$(SRCROOT)/../node_modules/react-native-vector-icons/RNVectorIconsManager",
					"$(SRCROOT)/../node_modules/react-native-youtube/**",
				);
				IPHONEOS_DEPLOYMENT_TARGET = 7.0;
				MTL_ENABLE_DEBUG_INFO = YES;
				ONLY_ACTIVE_ARCH = YES;
				SDKROOT = iphoneos;
			};
			name = Debug;
		};
		83CBBA211A601CBA00E9B192 /* Release */ = {
			isa = XCBuildConfiguration;
			buildSettings = {
				ALWAYS_SEARCH_USER_PATHS = NO;
				CLANG_CXX_LANGUAGE_STANDARD = "gnu++0x";
				CLANG_CXX_LIBRARY = "libc++";
				CLANG_ENABLE_MODULES = YES;
				CLANG_ENABLE_OBJC_ARC = YES;
				CLANG_WARN_BOOL_CONVERSION = YES;
				CLANG_WARN_CONSTANT_CONVERSION = YES;
				CLANG_WARN_DIRECT_OBJC_ISA_USAGE = YES_ERROR;
				CLANG_WARN_EMPTY_BODY = YES;
				CLANG_WARN_ENUM_CONVERSION = YES;
				CLANG_WARN_INT_CONVERSION = YES;
				CLANG_WARN_OBJC_ROOT_CLASS = YES_ERROR;
				CLANG_WARN_UNREACHABLE_CODE = YES;
				CLANG_WARN__DUPLICATE_METHOD_MATCH = YES;
				"CODE_SIGN_IDENTITY[sdk=iphoneos*]" = "iPhone Developer";
				COPY_PHASE_STRIP = YES;
				ENABLE_NS_ASSERTIONS = NO;
				ENABLE_STRICT_OBJC_MSGSEND = YES;
				GCC_C_LANGUAGE_STANDARD = gnu99;
				GCC_WARN_64_TO_32_BIT_CONVERSION = YES;
				GCC_WARN_ABOUT_RETURN_TYPE = YES_ERROR;
				GCC_WARN_UNDECLARED_SELECTOR = YES;
				GCC_WARN_UNINITIALIZED_AUTOS = YES_AGGRESSIVE;
				GCC_WARN_UNUSED_FUNCTION = YES;
				GCC_WARN_UNUSED_VARIABLE = YES;
				HEADER_SEARCH_PATHS = (
					"$(inherited)",
					/Applications/Xcode.app/Contents/Developer/Toolchains/XcodeDefault.xctoolchain/usr/include,
					"$(SRCROOT)/../node_modules/react-native/React/**",
					"$(SRCROOT)/../node_modules/@remobile/react-native-splashscreen/ios/RCTSplashScreen",
					"$(SRCROOT)/../node_modules/react-native-facebook-login/RCTFBLogin/**",
					"$(SRCROOT)/../node_modules/react-native-image-picker/ios/**",
					"$(SRCROOT)/../node_modules/react-native-linear-gradient/BVLinearGradient",
					"$(SRCROOT)/../node_modules/react-native-google-signin/ios/RNGoogleSignin/**",
					"$(SRCROOT)/../node_modules/react-native-vector-icons/RNVectorIconsManager",
					"$(SRCROOT)/../node_modules/react-native-youtube/**",
				);
				IPHONEOS_DEPLOYMENT_TARGET = 7.0;
				MTL_ENABLE_DEBUG_INFO = NO;
				SDKROOT = iphoneos;
				VALIDATE_PRODUCT = YES;
			};
			name = Release;
		};
/* End XCBuildConfiguration section */

/* Begin XCConfigurationList section */
		13B07F931A680F5B00A75B9A /* Build configuration list for PBXNativeTarget "MusicMonitor" */ = {
			isa = XCConfigurationList;
			buildConfigurations = (
				13B07F941A680F5B00A75B9A /* Debug */,
				13B07F951A680F5B00A75B9A /* Release */,
			);
			defaultConfigurationIsVisible = 0;
			defaultConfigurationName = Release;
		};
		83CBB9FA1A601CBA00E9B192 /* Build configuration list for PBXProject "MusicMonitor" */ = {
			isa = XCConfigurationList;
			buildConfigurations = (
				83CBBA201A601CBA00E9B192 /* Debug */,
				83CBBA211A601CBA00E9B192 /* Release */,
			);
			defaultConfigurationIsVisible = 0;
			defaultConfigurationName = Release;
		};
/* End XCConfigurationList section */
	};
	rootObject = 83CBB9F71A601CBA00E9B192 /* Project object */;
}
